
Microsoft Visual Studio Solution File, Format Version 12.00
# Visual Studio 2013
VisualStudioVersion = 12.0.31101.0
MinimumVisualStudioVersion = 10.0.40219.1
Project("{FAE04EC0-301F-11D3-BF4B-00C04F79EFBC}") = "01.FillTheMatrix", "01.FillTheMatrix\01.FillTheMatrix.csproj", "{94B75D6F-7E38-4812-ABAB-DEA3B4A071CC}"
EndProject
Global
	GlobalSection(SolutionConfigurationPlatforms) = preSolution
		Debug|Any CPU = Debug|Any CPU
		Release|Any CPU = Release|Any CPU
	EndGlobalSection
	GlobalSection(ProjectConfigurationPlatforms) = postSolution
		{94B75D6F-7E38-4812-ABAB-DEA3B4A071CC}.Debug|Any CPU.ActiveCfg = Debug|Any CPU
		{94B75D6F-7E38-4812-ABAB-DEA3B4A071CC}.Debug|Any CPU.Build.0 = Debug|Any CPU
		{94B75D6F-7E38-4812-ABAB-DEA3B4A071CC}.Release|Any CPU.ActiveCfg = Release|Any CPU
		{94B75D6F-7E38-4812-ABAB-DEA3B4A071CC}.Release|Any CPU.Build.0 = Release|Any CPU
	EndGlobalSection
	GlobalSection(SolutionProperties) = preSolution
		HideSolutionNode = FALSE
	EndGlobalSection
EndGlobal
