
Microsoft Visual Studio Solution File, Format Version 12.00
# Visual Studio 2013
VisualStudioVersion = 12.0.40629.0
MinimumVisualStudioVersion = 10.0.40219.1
Project("{FAE04EC0-301F-11D3-BF4B-00C04F79EFBC}") = "01.Staircases", "01.Staircases\01.Staircases.csproj", "{C2911E92-57F6-4056-83EA-29E1E8C936F9}"
EndProject
Project("{FAE04EC0-301F-11D3-BF4B-00C04F79EFBC}") = "02.CardGame", "02.CardGame\02.CardGame.csproj", "{16A0D593-0450-479A-85B5-63A0FF793E48}"
EndProject
Project("{FAE04EC0-301F-11D3-BF4B-00C04F79EFBC}") = "03.Friends", "03.Friends\03.Friends.csproj", "{3FF83161-DA95-490B-98F3-5785CCB4E42F}"
EndProject
Project("{FAE04EC0-301F-11D3-BF4B-00C04F79EFBC}") = "04.MatchMaker", "04.MatchMaker\04.MatchMaker.csproj", "{BCB0A73C-1744-4EBD-816D-F5FDBF9B5E91}"
EndProject
Global
	GlobalSection(SolutionConfigurationPlatforms) = preSolution
		Debug|Any CPU = Debug|Any CPU
		Release|Any CPU = Release|Any CPU
	EndGlobalSection
	GlobalSection(ProjectConfigurationPlatforms) = postSolution
		{C2911E92-57F6-4056-83EA-29E1E8C936F9}.Debug|Any CPU.ActiveCfg = Debug|Any CPU
		{C2911E92-57F6-4056-83EA-29E1E8C936F9}.Debug|Any CPU.Build.0 = Debug|Any CPU
		{C2911E92-57F6-4056-83EA-29E1E8C936F9}.Release|Any CPU.ActiveCfg = Release|Any CPU
		{C2911E92-57F6-4056-83EA-29E1E8C936F9}.Release|Any CPU.Build.0 = Release|Any CPU
		{16A0D593-0450-479A-85B5-63A0FF793E48}.Debug|Any CPU.ActiveCfg = Debug|Any CPU
		{16A0D593-0450-479A-85B5-63A0FF793E48}.Debug|Any CPU.Build.0 = Debug|Any CPU
		{16A0D593-0450-479A-85B5-63A0FF793E48}.Release|Any CPU.ActiveCfg = Release|Any CPU
		{16A0D593-0450-479A-85B5-63A0FF793E48}.Release|Any CPU.Build.0 = Release|Any CPU
		{3FF83161-DA95-490B-98F3-5785CCB4E42F}.Debug|Any CPU.ActiveCfg = Debug|Any CPU
		{3FF83161-DA95-490B-98F3-5785CCB4E42F}.Debug|Any CPU.Build.0 = Debug|Any CPU
		{3FF83161-DA95-490B-98F3-5785CCB4E42F}.Release|Any CPU.ActiveCfg = Release|Any CPU
		{3FF83161-DA95-490B-98F3-5785CCB4E42F}.Release|Any CPU.Build.0 = Release|Any CPU
		{BCB0A73C-1744-4EBD-816D-F5FDBF9B5E91}.Debug|Any CPU.ActiveCfg = Debug|Any CPU
		{BCB0A73C-1744-4EBD-816D-F5FDBF9B5E91}.Debug|Any CPU.Build.0 = Debug|Any CPU
		{BCB0A73C-1744-4EBD-816D-F5FDBF9B5E91}.Release|Any CPU.ActiveCfg = Release|Any CPU
		{BCB0A73C-1744-4EBD-816D-F5FDBF9B5E91}.Release|Any CPU.Build.0 = Release|Any CPU
	EndGlobalSection
	GlobalSection(SolutionProperties) = preSolution
		HideSolutionNode = FALSE
	EndGlobalSection
EndGlobal
