
Microsoft Visual Studio Solution File, Format Version 12.00
# Visual Studio 2013
VisualStudioVersion = 12.0.40629.0
MinimumVisualStudioVersion = 10.0.40219.1
Project("{FAE04EC0-301F-11D3-BF4B-00C04F79EFBC}") = "01.PriorityQueueImplementation", "01.PriorityQueueImplementation\01.PriorityQueueImplementation.csproj", "{D8667275-B294-41DF-B933-1B891EFCA712}"
EndProject
Project("{FAE04EC0-301F-11D3-BF4B-00C04F79EFBC}") = "02.FindProductsInLargeCollection", "02.FindProductsInLargeCollection\02.FindProductsInLargeCollection.csproj", "{6EC2D7C3-CA83-4F60-AFFE-BAF6DB107792}"
EndProject
Project("{FAE04EC0-301F-11D3-BF4B-00C04F79EFBC}") = "03.FindWordsInLargeText", "03.FindWordsInLargeText\03.FindWordsInLargeText.csproj", "{63C3B0B4-1CF8-4796-8927-585FC9EEBE31}"
EndProject
Global
	GlobalSection(SolutionConfigurationPlatforms) = preSolution
		Debug|Any CPU = Debug|Any CPU
		Release|Any CPU = Release|Any CPU
	EndGlobalSection
	GlobalSection(ProjectConfigurationPlatforms) = postSolution
		{D8667275-B294-41DF-B933-1B891EFCA712}.Debug|Any CPU.ActiveCfg = Debug|Any CPU
		{D8667275-B294-41DF-B933-1B891EFCA712}.Debug|Any CPU.Build.0 = Debug|Any CPU
		{D8667275-B294-41DF-B933-1B891EFCA712}.Release|Any CPU.ActiveCfg = Release|Any CPU
		{D8667275-B294-41DF-B933-1B891EFCA712}.Release|Any CPU.Build.0 = Release|Any CPU
		{6EC2D7C3-CA83-4F60-AFFE-BAF6DB107792}.Debug|Any CPU.ActiveCfg = Debug|Any CPU
		{6EC2D7C3-CA83-4F60-AFFE-BAF6DB107792}.Debug|Any CPU.Build.0 = Debug|Any CPU
		{6EC2D7C3-CA83-4F60-AFFE-BAF6DB107792}.Release|Any CPU.ActiveCfg = Release|Any CPU
		{6EC2D7C3-CA83-4F60-AFFE-BAF6DB107792}.Release|Any CPU.Build.0 = Release|Any CPU
		{63C3B0B4-1CF8-4796-8927-585FC9EEBE31}.Debug|Any CPU.ActiveCfg = Debug|Any CPU
		{63C3B0B4-1CF8-4796-8927-585FC9EEBE31}.Debug|Any CPU.Build.0 = Debug|Any CPU
		{63C3B0B4-1CF8-4796-8927-585FC9EEBE31}.Release|Any CPU.ActiveCfg = Release|Any CPU
		{63C3B0B4-1CF8-4796-8927-585FC9EEBE31}.Release|Any CPU.Build.0 = Release|Any CPU
	EndGlobalSection
	GlobalSection(SolutionProperties) = preSolution
		HideSolutionNode = FALSE
	EndGlobalSection
EndGlobal
