
Microsoft Visual Studio Solution File, Format Version 12.00
# Visual Studio 2013
VisualStudioVersion = 12.0.31101.0
MinimumVisualStudioVersion = 10.0.40219.1
Project("{FAE04EC0-301F-11D3-BF4B-00C04F79EFBC}") = "Task1-PrintVariable", "Task1-PrintVariable\Task1-PrintVariable.csproj", "{43EF097A-605C-45C7-A256-F137E9E6EF59}"
EndProject
Project("{FAE04EC0-301F-11D3-BF4B-00C04F79EFBC}") = "Task2-MakePerson", "Task2-MakePerson\Task2-MakePerson.csproj", "{5051D3A0-8134-4AB5-AD0C-62D397252E56}"
EndProject
Project("{FAE04EC0-301F-11D3-BF4B-00C04F79EFBC}") = "Task3-OnClickJS", "Task3-OnClickJS\Task3-OnClickJS.csproj", "{8D8BD557-86AE-4122-9648-B212C5972363}"
EndProject
Project("{FAE04EC0-301F-11D3-BF4B-00C04F79EFBC}") = "Task4-Minesweeper", "Task4-Minesweeper\Task4-Minesweeper.csproj", "{B20E8DFD-5F12-4358-849D-1F25806E9052}"
EndProject
Global
	GlobalSection(SolutionConfigurationPlatforms) = preSolution
		Debug|Any CPU = Debug|Any CPU
		Release|Any CPU = Release|Any CPU
	EndGlobalSection
	GlobalSection(ProjectConfigurationPlatforms) = postSolution
		{43EF097A-605C-45C7-A256-F137E9E6EF59}.Debug|Any CPU.ActiveCfg = Debug|Any CPU
		{43EF097A-605C-45C7-A256-F137E9E6EF59}.Debug|Any CPU.Build.0 = Debug|Any CPU
		{43EF097A-605C-45C7-A256-F137E9E6EF59}.Release|Any CPU.ActiveCfg = Release|Any CPU
		{43EF097A-605C-45C7-A256-F137E9E6EF59}.Release|Any CPU.Build.0 = Release|Any CPU
		{5051D3A0-8134-4AB5-AD0C-62D397252E56}.Debug|Any CPU.ActiveCfg = Debug|Any CPU
		{5051D3A0-8134-4AB5-AD0C-62D397252E56}.Debug|Any CPU.Build.0 = Debug|Any CPU
		{5051D3A0-8134-4AB5-AD0C-62D397252E56}.Release|Any CPU.ActiveCfg = Release|Any CPU
		{5051D3A0-8134-4AB5-AD0C-62D397252E56}.Release|Any CPU.Build.0 = Release|Any CPU
		{8D8BD557-86AE-4122-9648-B212C5972363}.Debug|Any CPU.ActiveCfg = Debug|Any CPU
		{8D8BD557-86AE-4122-9648-B212C5972363}.Debug|Any CPU.Build.0 = Debug|Any CPU
		{8D8BD557-86AE-4122-9648-B212C5972363}.Release|Any CPU.ActiveCfg = Release|Any CPU
		{8D8BD557-86AE-4122-9648-B212C5972363}.Release|Any CPU.Build.0 = Release|Any CPU
		{B20E8DFD-5F12-4358-849D-1F25806E9052}.Debug|Any CPU.ActiveCfg = Debug|Any CPU
		{B20E8DFD-5F12-4358-849D-1F25806E9052}.Debug|Any CPU.Build.0 = Debug|Any CPU
		{B20E8DFD-5F12-4358-849D-1F25806E9052}.Release|Any CPU.ActiveCfg = Release|Any CPU
		{B20E8DFD-5F12-4358-849D-1F25806E9052}.Release|Any CPU.Build.0 = Release|Any CPU
	EndGlobalSection
	GlobalSection(SolutionProperties) = preSolution
		HideSolutionNode = FALSE
	EndGlobalSection
EndGlobal
