
Microsoft Visual Studio Solution File, Format Version 12.00
# Visual Studio 2013
VisualStudioVersion = 12.0.40629.0
MinimumVisualStudioVersion = 10.0.40219.1
Project("{FAE04EC0-301F-11D3-BF4B-00C04F79EFBC}") = "01.NestedLoops", "01.NestedLoops\01.NestedLoops.csproj", "{41F658EF-62CE-458B-B230-DA1ECB93E980}"
EndProject
Project("{FAE04EC0-301F-11D3-BF4B-00C04F79EFBC}") = "02.CombinationsWithDuplicates", "02.CombinationsWithDuplicates\02.CombinationsWithDuplicates.csproj", "{4C66FBF0-AB91-4184-890B-A205A7B8A00B}"
EndProject
Project("{FAE04EC0-301F-11D3-BF4B-00C04F79EFBC}") = "03.CombinationsWithoutDuplicates", "03.CombinationsWithoutDuplicates\03.CombinationsWithoutDuplicates.csproj", "{F43E0501-6030-46A7-B0A3-EDA44CA5058F}"
EndProject
Project("{FAE04EC0-301F-11D3-BF4B-00C04F79EFBC}") = "04.Permutations", "04.Permutations\04.Permutations.csproj", "{8CA2A428-C7B5-4724-B519-27A89A677DF7}"
EndProject
Project("{FAE04EC0-301F-11D3-BF4B-00C04F79EFBC}") = "05.OrderedSubsets", "05.OrderedSubsets\05.OrderedSubsets.csproj", "{02E17BF6-7311-412F-859A-ACEF9062C894}"
EndProject
Project("{FAE04EC0-301F-11D3-BF4B-00C04F79EFBC}") = "06.SubsetsOfStrings", "06.SubsetsOfStrings\06.SubsetsOfStrings.csproj", "{6D69CA17-2AA9-4270-BEC1-E2E4D215C3FA}"
EndProject
Project("{FAE04EC0-301F-11D3-BF4B-00C04F79EFBC}") = "07.AllPathsInMatrix", "07.AllPathsInMatrix\07.AllPathsInMatrix.csproj", "{260D7FCE-5F93-4E04-A048-0044AAE8828F}"
EndProject
Project("{FAE04EC0-301F-11D3-BF4B-00C04F79EFBC}") = "08.CheckExistingPath", "08.CheckExistingPath\08.CheckExistingPath.csproj", "{3B493551-13AD-4EA1-A39B-39702A6D3C61}"
EndProject
Project("{FAE04EC0-301F-11D3-BF4B-00C04F79EFBC}") = "09.LargestAreaOfAdjacentEmptyCells", "09.LargestAreaOfAdjacentEmptyCells\09.LargestAreaOfAdjacentEmptyCells.csproj", "{12DF227D-78B7-460A-B9C3-62610639C728}"
EndProject
Project("{FAE04EC0-301F-11D3-BF4B-00C04F79EFBC}") = "10.AllAreasOfPassableCellsInMatrix", "10.AllAreasOfPassableCellsInMatrix\10.AllAreasOfPassableCellsInMatrix.csproj", "{63F617BC-616E-4A87-8C7C-1A58EB552048}"
EndProject
Global
	GlobalSection(SolutionConfigurationPlatforms) = preSolution
		Debug|Any CPU = Debug|Any CPU
		Release|Any CPU = Release|Any CPU
	EndGlobalSection
	GlobalSection(ProjectConfigurationPlatforms) = postSolution
		{41F658EF-62CE-458B-B230-DA1ECB93E980}.Debug|Any CPU.ActiveCfg = Debug|Any CPU
		{41F658EF-62CE-458B-B230-DA1ECB93E980}.Debug|Any CPU.Build.0 = Debug|Any CPU
		{41F658EF-62CE-458B-B230-DA1ECB93E980}.Release|Any CPU.ActiveCfg = Release|Any CPU
		{41F658EF-62CE-458B-B230-DA1ECB93E980}.Release|Any CPU.Build.0 = Release|Any CPU
		{4C66FBF0-AB91-4184-890B-A205A7B8A00B}.Debug|Any CPU.ActiveCfg = Debug|Any CPU
		{4C66FBF0-AB91-4184-890B-A205A7B8A00B}.Debug|Any CPU.Build.0 = Debug|Any CPU
		{4C66FBF0-AB91-4184-890B-A205A7B8A00B}.Release|Any CPU.ActiveCfg = Release|Any CPU
		{4C66FBF0-AB91-4184-890B-A205A7B8A00B}.Release|Any CPU.Build.0 = Release|Any CPU
		{F43E0501-6030-46A7-B0A3-EDA44CA5058F}.Debug|Any CPU.ActiveCfg = Debug|Any CPU
		{F43E0501-6030-46A7-B0A3-EDA44CA5058F}.Debug|Any CPU.Build.0 = Debug|Any CPU
		{F43E0501-6030-46A7-B0A3-EDA44CA5058F}.Release|Any CPU.ActiveCfg = Release|Any CPU
		{F43E0501-6030-46A7-B0A3-EDA44CA5058F}.Release|Any CPU.Build.0 = Release|Any CPU
		{8CA2A428-C7B5-4724-B519-27A89A677DF7}.Debug|Any CPU.ActiveCfg = Debug|Any CPU
		{8CA2A428-C7B5-4724-B519-27A89A677DF7}.Debug|Any CPU.Build.0 = Debug|Any CPU
		{8CA2A428-C7B5-4724-B519-27A89A677DF7}.Release|Any CPU.ActiveCfg = Release|Any CPU
		{8CA2A428-C7B5-4724-B519-27A89A677DF7}.Release|Any CPU.Build.0 = Release|Any CPU
		{02E17BF6-7311-412F-859A-ACEF9062C894}.Debug|Any CPU.ActiveCfg = Debug|Any CPU
		{02E17BF6-7311-412F-859A-ACEF9062C894}.Debug|Any CPU.Build.0 = Debug|Any CPU
		{02E17BF6-7311-412F-859A-ACEF9062C894}.Release|Any CPU.ActiveCfg = Release|Any CPU
		{02E17BF6-7311-412F-859A-ACEF9062C894}.Release|Any CPU.Build.0 = Release|Any CPU
		{6D69CA17-2AA9-4270-BEC1-E2E4D215C3FA}.Debug|Any CPU.ActiveCfg = Debug|Any CPU
		{6D69CA17-2AA9-4270-BEC1-E2E4D215C3FA}.Debug|Any CPU.Build.0 = Debug|Any CPU
		{6D69CA17-2AA9-4270-BEC1-E2E4D215C3FA}.Release|Any CPU.ActiveCfg = Release|Any CPU
		{6D69CA17-2AA9-4270-BEC1-E2E4D215C3FA}.Release|Any CPU.Build.0 = Release|Any CPU
		{260D7FCE-5F93-4E04-A048-0044AAE8828F}.Debug|Any CPU.ActiveCfg = Debug|Any CPU
		{260D7FCE-5F93-4E04-A048-0044AAE8828F}.Debug|Any CPU.Build.0 = Debug|Any CPU
		{260D7FCE-5F93-4E04-A048-0044AAE8828F}.Release|Any CPU.ActiveCfg = Release|Any CPU
		{260D7FCE-5F93-4E04-A048-0044AAE8828F}.Release|Any CPU.Build.0 = Release|Any CPU
		{3B493551-13AD-4EA1-A39B-39702A6D3C61}.Debug|Any CPU.ActiveCfg = Debug|Any CPU
		{3B493551-13AD-4EA1-A39B-39702A6D3C61}.Debug|Any CPU.Build.0 = Debug|Any CPU
		{3B493551-13AD-4EA1-A39B-39702A6D3C61}.Release|Any CPU.ActiveCfg = Release|Any CPU
		{3B493551-13AD-4EA1-A39B-39702A6D3C61}.Release|Any CPU.Build.0 = Release|Any CPU
		{12DF227D-78B7-460A-B9C3-62610639C728}.Debug|Any CPU.ActiveCfg = Debug|Any CPU
		{12DF227D-78B7-460A-B9C3-62610639C728}.Debug|Any CPU.Build.0 = Debug|Any CPU
		{12DF227D-78B7-460A-B9C3-62610639C728}.Release|Any CPU.ActiveCfg = Release|Any CPU
		{12DF227D-78B7-460A-B9C3-62610639C728}.Release|Any CPU.Build.0 = Release|Any CPU
		{63F617BC-616E-4A87-8C7C-1A58EB552048}.Debug|Any CPU.ActiveCfg = Debug|Any CPU
		{63F617BC-616E-4A87-8C7C-1A58EB552048}.Debug|Any CPU.Build.0 = Debug|Any CPU
		{63F617BC-616E-4A87-8C7C-1A58EB552048}.Release|Any CPU.ActiveCfg = Release|Any CPU
		{63F617BC-616E-4A87-8C7C-1A58EB552048}.Release|Any CPU.Build.0 = Release|Any CPU
	EndGlobalSection
	GlobalSection(SolutionProperties) = preSolution
		HideSolutionNode = FALSE
	EndGlobalSection
EndGlobal
