
Microsoft Visual Studio Solution File, Format Version 12.00
# Visual Studio 2013
VisualStudioVersion = 12.0.40629.0
MinimumVisualStudioVersion = 10.0.40219.1
Project("{FAE04EC0-301F-11D3-BF4B-00C04F79EFBC}") = "01.Northwind", "01.Northwind\01.Northwind.csproj", "{C659092C-1F58-4C0C-8515-3DC2995D01B5}"
EndProject
Project("{FAE04EC0-301F-11D3-BF4B-00C04F79EFBC}") = "02.Excell", "02.Excell\02.Excell.csproj", "{CB047688-10D3-4DE9-ABA1-B5E2AE0148F2}"
EndProject
Project("{FAE04EC0-301F-11D3-BF4B-00C04F79EFBC}") = "03.MySQL", "03.MySQL\03.MySQL.csproj", "{534E2333-93EF-4889-A5B3-4099028DB869}"
EndProject
Project("{FAE04EC0-301F-11D3-BF4B-00C04F79EFBC}") = "04.SQLite", "04.SQLite\04.SQLite.csproj", "{BCB249C6-6B19-4C48-8703-BB2AFD7F052C}"
EndProject
Global
	GlobalSection(SolutionConfigurationPlatforms) = preSolution
		Debug|Any CPU = Debug|Any CPU
		Release|Any CPU = Release|Any CPU
	EndGlobalSection
	GlobalSection(ProjectConfigurationPlatforms) = postSolution
		{C659092C-1F58-4C0C-8515-3DC2995D01B5}.Debug|Any CPU.ActiveCfg = Debug|Any CPU
		{C659092C-1F58-4C0C-8515-3DC2995D01B5}.Debug|Any CPU.Build.0 = Debug|Any CPU
		{C659092C-1F58-4C0C-8515-3DC2995D01B5}.Release|Any CPU.ActiveCfg = Release|Any CPU
		{C659092C-1F58-4C0C-8515-3DC2995D01B5}.Release|Any CPU.Build.0 = Release|Any CPU
		{CB047688-10D3-4DE9-ABA1-B5E2AE0148F2}.Debug|Any CPU.ActiveCfg = Debug|Any CPU
		{CB047688-10D3-4DE9-ABA1-B5E2AE0148F2}.Debug|Any CPU.Build.0 = Debug|Any CPU
		{CB047688-10D3-4DE9-ABA1-B5E2AE0148F2}.Release|Any CPU.ActiveCfg = Release|Any CPU
		{CB047688-10D3-4DE9-ABA1-B5E2AE0148F2}.Release|Any CPU.Build.0 = Release|Any CPU
		{534E2333-93EF-4889-A5B3-4099028DB869}.Debug|Any CPU.ActiveCfg = Debug|Any CPU
		{534E2333-93EF-4889-A5B3-4099028DB869}.Debug|Any CPU.Build.0 = Debug|Any CPU
		{534E2333-93EF-4889-A5B3-4099028DB869}.Release|Any CPU.ActiveCfg = Release|Any CPU
		{534E2333-93EF-4889-A5B3-4099028DB869}.Release|Any CPU.Build.0 = Release|Any CPU
		{BCB249C6-6B19-4C48-8703-BB2AFD7F052C}.Debug|Any CPU.ActiveCfg = Debug|Any CPU
		{BCB249C6-6B19-4C48-8703-BB2AFD7F052C}.Debug|Any CPU.Build.0 = Debug|Any CPU
		{BCB249C6-6B19-4C48-8703-BB2AFD7F052C}.Release|Any CPU.ActiveCfg = Release|Any CPU
		{BCB249C6-6B19-4C48-8703-BB2AFD7F052C}.Release|Any CPU.Build.0 = Release|Any CPU
	EndGlobalSection
	GlobalSection(SolutionProperties) = preSolution
		HideSolutionNode = FALSE
	EndGlobalSection
EndGlobal
