
Microsoft Visual Studio Solution File, Format Version 12.00
# Visual Studio 2013
VisualStudioVersion = 12.0.31101.0
MinimumVisualStudioVersion = 10.0.40219.1
Project("{FAE04EC0-301F-11D3-BF4B-00C04F79EFBC}") = "01.AllocateArray", "01.AllocateArray\01.AllocateArray.csproj", "{664A8F5E-C6F9-4BD5-8F8C-8746C920A0D5}"
EndProject
Project("{FAE04EC0-301F-11D3-BF4B-00C04F79EFBC}") = "02.CompareArrays", "02.CompareArrays\02.CompareArrays.csproj", "{C989BD15-7D69-414A-85CF-4DC8D5B23A49}"
EndProject
Project("{FAE04EC0-301F-11D3-BF4B-00C04F79EFBC}") = "03.CompareCharArrays", "03.CompareCharArrays\03.CompareCharArrays.csproj", "{738068CD-0B56-4B42-ABB6-6888B2D08A74}"
EndProject
Project("{FAE04EC0-301F-11D3-BF4B-00C04F79EFBC}") = "04.MaximalSequence", "04.MaximalSequence\04.MaximalSequence.csproj", "{7ED2D981-147B-4590-9371-78421A1B65DA}"
EndProject
Project("{FAE04EC0-301F-11D3-BF4B-00C04F79EFBC}") = "05.MaximalIncreasingSequence", "05.MaximalIncreasingSequence\05.MaximalIncreasingSequence.csproj", "{AC26B092-A0AD-4AF9-A24C-05585C9EDD54}"
EndProject
Project("{FAE04EC0-301F-11D3-BF4B-00C04F79EFBC}") = "06.MaximalKSum", "06.MaximalKSum\06.MaximalKSum.csproj", "{4C7CF47B-CD0C-499C-BBCB-9602BF5A7E9E}"
EndProject
Project("{FAE04EC0-301F-11D3-BF4B-00C04F79EFBC}") = "07.SelectionSort", "07.SelectionSort\07.SelectionSort.csproj", "{8CA85EA7-F2F1-4289-88A1-9619395997A3}"
EndProject
Project("{FAE04EC0-301F-11D3-BF4B-00C04F79EFBC}") = "08.MaximalSum", "08.MaximalSum\08.MaximalSum.csproj", "{1CD771BF-8D6D-4F37-9FD6-D6A59AF31DAD}"
EndProject
Project("{FAE04EC0-301F-11D3-BF4B-00C04F79EFBC}") = "09.FrequentNumber", "09.FrequentNumber\09.FrequentNumber.csproj", "{35C75B44-70F8-46BB-A171-87304097BEFF}"
EndProject
Project("{FAE04EC0-301F-11D3-BF4B-00C04F79EFBC}") = "10.FindSumInArray", "10.FindSumInArray\10.FindSumInArray.csproj", "{F8D5E988-F85F-4F36-A717-854FFC9B0386}"
EndProject
Project("{FAE04EC0-301F-11D3-BF4B-00C04F79EFBC}") = "11.BinarySearch", "11.BinarySearch\11.BinarySearch.csproj", "{B3BA55F4-65E4-48D9-B11C-A832C965543D}"
EndProject
Project("{FAE04EC0-301F-11D3-BF4B-00C04F79EFBC}") = "TestingProject", "TestingProject\TestingProject.csproj", "{85469B2B-4467-4B67-A1FE-36B8B37FD9A9}"
EndProject
Project("{FAE04EC0-301F-11D3-BF4B-00C04F79EFBC}") = "12.IndexOfLetters", "12.IndexOfLetters\12.IndexOfLetters.csproj", "{45AE2F39-E726-42A0-A3F7-9301EF179B68}"
EndProject
Project("{FAE04EC0-301F-11D3-BF4B-00C04F79EFBC}") = "13.MergeSort", "13.MergeSort\13.MergeSort.csproj", "{607C7FE8-03F2-436F-A0D8-E0BA6C741201}"
EndProject
Project("{FAE04EC0-301F-11D3-BF4B-00C04F79EFBC}") = "14.QuickSort", "14.QuickSort\14.QuickSort.csproj", "{6C8E94CE-139F-46AB-9FCF-D588596A8154}"
EndProject
Global
	GlobalSection(SolutionConfigurationPlatforms) = preSolution
		Debug|Any CPU = Debug|Any CPU
		Release|Any CPU = Release|Any CPU
	EndGlobalSection
	GlobalSection(ProjectConfigurationPlatforms) = postSolution
		{664A8F5E-C6F9-4BD5-8F8C-8746C920A0D5}.Debug|Any CPU.ActiveCfg = Debug|Any CPU
		{664A8F5E-C6F9-4BD5-8F8C-8746C920A0D5}.Debug|Any CPU.Build.0 = Debug|Any CPU
		{664A8F5E-C6F9-4BD5-8F8C-8746C920A0D5}.Release|Any CPU.ActiveCfg = Release|Any CPU
		{664A8F5E-C6F9-4BD5-8F8C-8746C920A0D5}.Release|Any CPU.Build.0 = Release|Any CPU
		{C989BD15-7D69-414A-85CF-4DC8D5B23A49}.Debug|Any CPU.ActiveCfg = Debug|Any CPU
		{C989BD15-7D69-414A-85CF-4DC8D5B23A49}.Debug|Any CPU.Build.0 = Debug|Any CPU
		{C989BD15-7D69-414A-85CF-4DC8D5B23A49}.Release|Any CPU.ActiveCfg = Release|Any CPU
		{C989BD15-7D69-414A-85CF-4DC8D5B23A49}.Release|Any CPU.Build.0 = Release|Any CPU
		{738068CD-0B56-4B42-ABB6-6888B2D08A74}.Debug|Any CPU.ActiveCfg = Debug|Any CPU
		{738068CD-0B56-4B42-ABB6-6888B2D08A74}.Debug|Any CPU.Build.0 = Debug|Any CPU
		{738068CD-0B56-4B42-ABB6-6888B2D08A74}.Release|Any CPU.ActiveCfg = Release|Any CPU
		{738068CD-0B56-4B42-ABB6-6888B2D08A74}.Release|Any CPU.Build.0 = Release|Any CPU
		{7ED2D981-147B-4590-9371-78421A1B65DA}.Debug|Any CPU.ActiveCfg = Debug|Any CPU
		{7ED2D981-147B-4590-9371-78421A1B65DA}.Debug|Any CPU.Build.0 = Debug|Any CPU
		{7ED2D981-147B-4590-9371-78421A1B65DA}.Release|Any CPU.ActiveCfg = Release|Any CPU
		{7ED2D981-147B-4590-9371-78421A1B65DA}.Release|Any CPU.Build.0 = Release|Any CPU
		{AC26B092-A0AD-4AF9-A24C-05585C9EDD54}.Debug|Any CPU.ActiveCfg = Debug|Any CPU
		{AC26B092-A0AD-4AF9-A24C-05585C9EDD54}.Debug|Any CPU.Build.0 = Debug|Any CPU
		{AC26B092-A0AD-4AF9-A24C-05585C9EDD54}.Release|Any CPU.ActiveCfg = Release|Any CPU
		{AC26B092-A0AD-4AF9-A24C-05585C9EDD54}.Release|Any CPU.Build.0 = Release|Any CPU
		{4C7CF47B-CD0C-499C-BBCB-9602BF5A7E9E}.Debug|Any CPU.ActiveCfg = Debug|Any CPU
		{4C7CF47B-CD0C-499C-BBCB-9602BF5A7E9E}.Debug|Any CPU.Build.0 = Debug|Any CPU
		{4C7CF47B-CD0C-499C-BBCB-9602BF5A7E9E}.Release|Any CPU.ActiveCfg = Release|Any CPU
		{4C7CF47B-CD0C-499C-BBCB-9602BF5A7E9E}.Release|Any CPU.Build.0 = Release|Any CPU
		{8CA85EA7-F2F1-4289-88A1-9619395997A3}.Debug|Any CPU.ActiveCfg = Debug|Any CPU
		{8CA85EA7-F2F1-4289-88A1-9619395997A3}.Debug|Any CPU.Build.0 = Debug|Any CPU
		{8CA85EA7-F2F1-4289-88A1-9619395997A3}.Release|Any CPU.ActiveCfg = Release|Any CPU
		{8CA85EA7-F2F1-4289-88A1-9619395997A3}.Release|Any CPU.Build.0 = Release|Any CPU
		{1CD771BF-8D6D-4F37-9FD6-D6A59AF31DAD}.Debug|Any CPU.ActiveCfg = Debug|Any CPU
		{1CD771BF-8D6D-4F37-9FD6-D6A59AF31DAD}.Debug|Any CPU.Build.0 = Debug|Any CPU
		{1CD771BF-8D6D-4F37-9FD6-D6A59AF31DAD}.Release|Any CPU.ActiveCfg = Release|Any CPU
		{1CD771BF-8D6D-4F37-9FD6-D6A59AF31DAD}.Release|Any CPU.Build.0 = Release|Any CPU
		{35C75B44-70F8-46BB-A171-87304097BEFF}.Debug|Any CPU.ActiveCfg = Debug|Any CPU
		{35C75B44-70F8-46BB-A171-87304097BEFF}.Debug|Any CPU.Build.0 = Debug|Any CPU
		{35C75B44-70F8-46BB-A171-87304097BEFF}.Release|Any CPU.ActiveCfg = Release|Any CPU
		{35C75B44-70F8-46BB-A171-87304097BEFF}.Release|Any CPU.Build.0 = Release|Any CPU
		{F8D5E988-F85F-4F36-A717-854FFC9B0386}.Debug|Any CPU.ActiveCfg = Debug|Any CPU
		{F8D5E988-F85F-4F36-A717-854FFC9B0386}.Debug|Any CPU.Build.0 = Debug|Any CPU
		{F8D5E988-F85F-4F36-A717-854FFC9B0386}.Release|Any CPU.ActiveCfg = Release|Any CPU
		{F8D5E988-F85F-4F36-A717-854FFC9B0386}.Release|Any CPU.Build.0 = Release|Any CPU
		{B3BA55F4-65E4-48D9-B11C-A832C965543D}.Debug|Any CPU.ActiveCfg = Debug|Any CPU
		{B3BA55F4-65E4-48D9-B11C-A832C965543D}.Debug|Any CPU.Build.0 = Debug|Any CPU
		{B3BA55F4-65E4-48D9-B11C-A832C965543D}.Release|Any CPU.ActiveCfg = Release|Any CPU
		{B3BA55F4-65E4-48D9-B11C-A832C965543D}.Release|Any CPU.Build.0 = Release|Any CPU
		{85469B2B-4467-4B67-A1FE-36B8B37FD9A9}.Debug|Any CPU.ActiveCfg = Debug|Any CPU
		{85469B2B-4467-4B67-A1FE-36B8B37FD9A9}.Debug|Any CPU.Build.0 = Debug|Any CPU
		{85469B2B-4467-4B67-A1FE-36B8B37FD9A9}.Release|Any CPU.ActiveCfg = Release|Any CPU
		{85469B2B-4467-4B67-A1FE-36B8B37FD9A9}.Release|Any CPU.Build.0 = Release|Any CPU
		{45AE2F39-E726-42A0-A3F7-9301EF179B68}.Debug|Any CPU.ActiveCfg = Debug|Any CPU
		{45AE2F39-E726-42A0-A3F7-9301EF179B68}.Debug|Any CPU.Build.0 = Debug|Any CPU
		{45AE2F39-E726-42A0-A3F7-9301EF179B68}.Release|Any CPU.ActiveCfg = Release|Any CPU
		{45AE2F39-E726-42A0-A3F7-9301EF179B68}.Release|Any CPU.Build.0 = Release|Any CPU
		{607C7FE8-03F2-436F-A0D8-E0BA6C741201}.Debug|Any CPU.ActiveCfg = Debug|Any CPU
		{607C7FE8-03F2-436F-A0D8-E0BA6C741201}.Debug|Any CPU.Build.0 = Debug|Any CPU
		{607C7FE8-03F2-436F-A0D8-E0BA6C741201}.Release|Any CPU.ActiveCfg = Release|Any CPU
		{607C7FE8-03F2-436F-A0D8-E0BA6C741201}.Release|Any CPU.Build.0 = Release|Any CPU
		{6C8E94CE-139F-46AB-9FCF-D588596A8154}.Debug|Any CPU.ActiveCfg = Debug|Any CPU
		{6C8E94CE-139F-46AB-9FCF-D588596A8154}.Debug|Any CPU.Build.0 = Debug|Any CPU
		{6C8E94CE-139F-46AB-9FCF-D588596A8154}.Release|Any CPU.ActiveCfg = Release|Any CPU
		{6C8E94CE-139F-46AB-9FCF-D588596A8154}.Release|Any CPU.Build.0 = Release|Any CPU
	EndGlobalSection
	GlobalSection(SolutionProperties) = preSolution
		HideSolutionNode = FALSE
	EndGlobalSection
EndGlobal
