
Microsoft Visual Studio Solution File, Format Version 12.00
# Visual Studio 2013
VisualStudioVersion = 12.0.40629.0
MinimumVisualStudioVersion = 10.0.40219.1
Project("{2150E333-8FDC-42A3-9474-1A3956D46DE8}") = "2013", "2013", "{5C148995-D547-46F5-8D8B-6E7E88686835}"
EndProject
Project("{2150E333-8FDC-42A3-9474-1A3956D46DE8}") = "2014", "2014", "{82D050FE-CCC7-4C23-9538-BFB912938D01}"
EndProject
Project("{FAE04EC0-301F-11D3-BF4B-00C04F79EFBC}") = "01.Frames", "2013\01.Frames\01.Frames.csproj", "{783263E9-8578-4C69-858B-58C8EED62B5B}"
EndProject
Project("{FAE04EC0-301F-11D3-BF4B-00C04F79EFBC}") = "02.3DLabyrinth", "2013\02.3DLabyrinth\02.3DLabyrinth.csproj", "{AC12DB5F-C210-4AB8-A591-6649190512B7}"
EndProject
Project("{FAE04EC0-301F-11D3-BF4B-00C04F79EFBC}") = "03.SupermarketQueue", "2013\03.SupermarketQueue\03.SupermarketQueue.csproj", "{6230EFAD-A054-45CF-A32D-5E7CEF9926D2}"
EndProject
Project("{FAE04EC0-301F-11D3-BF4B-00C04F79EFBC}") = "04.RecoverMessage", "2013\04.RecoverMessage\04.RecoverMessage.csproj", "{BC3A35CF-9BFB-43AF-ABBB-9683A27E953B}"
EndProject
Project("{FAE04EC0-301F-11D3-BF4B-00C04F79EFBC}") = "05.Businessmen", "2013\05.Businessmen\05.Businessmen.csproj", "{5D8D611B-43E5-4ECB-BBE3-A555B1A969D3}"
EndProject
Project("{FAE04EC0-301F-11D3-BF4B-00C04F79EFBC}") = "01.Portals", "2014\01.Portals\01.Portals.csproj", "{7A990A49-7E19-4238-ACED-5133FAEA74DB}"
EndProject
Project("{FAE04EC0-301F-11D3-BF4B-00C04F79EFBC}") = "05.Sorting", "2014\05.Sorting\05.Sorting.csproj", "{BF1DADDB-2F02-4A7D-A0F7-754E5F6F86AB}"
EndProject
Project("{FAE04EC0-301F-11D3-BF4B-00C04F79EFBC}") = "02.GirslGoneWild", "2014\02.GirslGoneWild\02.GirslGoneWild.csproj", "{60A14E93-165C-43AC-944E-1FA93B2B024F}"
EndProject
Project("{FAE04EC0-301F-11D3-BF4B-00C04F79EFBC}") = "03.OnlineMarket", "2014\03.OnlineMarket\03.OnlineMarket.csproj", "{9DDE00A5-B966-4DFB-8D13-4D6961E835C5}"
EndProject
Project("{FAE04EC0-301F-11D3-BF4B-00C04F79EFBC}") = "04.Towns", "2014\04.Towns\04.Towns.csproj", "{C7E157C7-055B-409F-928E-05AFB9C6FF86}"
EndProject
Project("{FAE04EC0-301F-11D3-BF4B-00C04F79EFBC}") = "C-01.Election", "2014\C-01.Election\C-01.Election.csproj", "{418A5DD3-A5BF-4FD2-A313-5F69F02F237D}"
EndProject
Project("{FAE04EC0-301F-11D3-BF4B-00C04F79EFBC}") = "C-02.Renewal", "2014\C-02.Renewal\C-02.Renewal.csproj", "{D4CF176E-7D10-4FDA-B497-389F945A5220}"
EndProject
Project("{FAE04EC0-301F-11D3-BF4B-00C04F79EFBC}") = "C-03.ShortestPath", "2014\C-03.ShortestPath\C-03.ShortestPath.csproj", "{7283D546-C00D-44A5-8E2A-AC877DC63410}"
EndProject
Project("{FAE04EC0-301F-11D3-BF4B-00C04F79EFBC}") = "P-01.MessagesInABottle", "2013\P-01.MessagesInABottle\P-01.MessagesInABottle.csproj", "{84484936-6A0E-41F9-B948-6CCC1FFA7B14}"
EndProject
Project("{FAE04EC0-301F-11D3-BF4B-00C04F79EFBC}") = "P-02.AcademyTasks", "2013\P-02.AcademyTasks\P-02.AcademyTasks.csproj", "{2BED6BA4-A0AA-4AB4-AAFB-C796C863C405}"
EndProject
Project("{FAE04EC0-301F-11D3-BF4B-00C04F79EFBC}") = "P-03.FriendsInNeed", "2013\P-03.FriendsInNeed\P-03.FriendsInNeed.csproj", "{86230E0A-4AA7-46BF-AADD-89E8278526AC}"
EndProject
Project("{FAE04EC0-301F-11D3-BF4B-00C04F79EFBC}") = "P-04.RiskWinsRiskLoses", "2013\P-04.RiskWinsRiskLoses\P-04.RiskWinsRiskLoses.csproj", "{965AD0C7-9BD0-448A-8CB9-E783841D2154}"
EndProject
Project("{FAE04EC0-301F-11D3-BF4B-00C04F79EFBC}") = "P-05.ShoppingCenter", "2013\P-05.ShoppingCenter\P-05.ShoppingCenter.csproj", "{593989BB-4C67-41DE-9E81-D53CC59B0AD5}"
EndProject
Project("{FAE04EC0-301F-11D3-BF4B-00C04F79EFBC}") = "MaximalPath", "algoStuff\MaximalPath.csproj", "{0E9CAD9E-777B-4668-AA91-F88E9360CA56}"
EndProject
Project("{FAE04EC0-301F-11D3-BF4B-00C04F79EFBC}") = "MostCommon", "MostCommon\MostCommon.csproj", "{E1C0BB3A-05FA-44A9-AC2C-C1CDE1D3F743}"
EndProject
Project("{FAE04EC0-301F-11D3-BF4B-00C04F79EFBC}") = "Sudoku", "Судоку\Sudoku.csproj", "{EE6339D7-D8EA-4E1F-9B2D-B99FB149A05B}"
EndProject
Project("{FAE04EC0-301F-11D3-BF4B-00C04F79EFBC}") = "Crossword", "Crossword\Crossword.csproj", "{764D2574-1C9E-4C06-B9FF-EF1578650B2C}"
EndProject
Project("{2150E333-8FDC-42A3-9474-1A3956D46DE8}") = "2015", "2015", "{E74B25AC-B630-47F3-81BB-DDAA750A38E4}"
EndProject
Project("{FAE04EC0-301F-11D3-BF4B-00C04F79EFBC}") = "01.Task1", "2015\01.Task1\01.Task1.csproj", "{8AF997E1-516D-446C-9F70-7C3A825F7261}"
EndProject
Project("{FAE04EC0-301F-11D3-BF4B-00C04F79EFBC}") = "02.Task2", "2015\02.Task2\02.Task2.csproj", "{ABA1EBB8-44AD-4BC6-ABFF-67433D29BF3F}"
EndProject
Project("{FAE04EC0-301F-11D3-BF4B-00C04F79EFBC}") = "03.Task3", "2015\03.Task3\03.Task3.csproj", "{6B854DBE-AA47-4AA5-9B9E-15B523B4AA06}"
EndProject
Project("{FAE04EC0-301F-11D3-BF4B-00C04F79EFBC}") = "04.Task4", "2015\04.Task4\04.Task4.csproj", "{9A9AAC68-5D85-4ACB-B15D-8900D5EE7D85}"
EndProject
Project("{FAE04EC0-301F-11D3-BF4B-00C04F79EFBC}") = "05.Task5", "2015\05.Task5\05.Task5.csproj", "{48DF4ADA-1465-47E6-B52E-1D174915D026}"
EndProject
Project("{FAE04EC0-301F-11D3-BF4B-00C04F79EFBC}") = "06.Task6", "2015\06.Task6\06.Task6.csproj", "{4578A16E-99DA-4890-98E3-3B9243B1E5EA}"
EndProject
Project("{FAE04EC0-301F-11D3-BF4B-00C04F79EFBC}") = "Guitar", "Guitar\Guitar.csproj", "{D61FEDBA-FB04-4980-B78C-83D8818D8AC6}"
EndProject
Project("{FAE04EC0-301F-11D3-BF4B-00C04F79EFBC}") = "Съвпадение", "Matches\Съвпадение.csproj", "{D163BC11-C423-41EF-820A-08D5E4BEEF14}"
EndProject
Project("{FAE04EC0-301F-11D3-BF4B-00C04F79EFBC}") = "RepeatingPattern", "RepeatingPattern\RepeatingPattern.csproj", "{362C1FA1-A03F-4926-A49E-DDDE592DBD03}"
EndProject
Global
	GlobalSection(SolutionConfigurationPlatforms) = preSolution
		Debug|Any CPU = Debug|Any CPU
		Release|Any CPU = Release|Any CPU
	EndGlobalSection
	GlobalSection(ProjectConfigurationPlatforms) = postSolution
		{783263E9-8578-4C69-858B-58C8EED62B5B}.Debug|Any CPU.ActiveCfg = Debug|Any CPU
		{783263E9-8578-4C69-858B-58C8EED62B5B}.Debug|Any CPU.Build.0 = Debug|Any CPU
		{783263E9-8578-4C69-858B-58C8EED62B5B}.Release|Any CPU.ActiveCfg = Release|Any CPU
		{783263E9-8578-4C69-858B-58C8EED62B5B}.Release|Any CPU.Build.0 = Release|Any CPU
		{AC12DB5F-C210-4AB8-A591-6649190512B7}.Debug|Any CPU.ActiveCfg = Debug|Any CPU
		{AC12DB5F-C210-4AB8-A591-6649190512B7}.Debug|Any CPU.Build.0 = Debug|Any CPU
		{AC12DB5F-C210-4AB8-A591-6649190512B7}.Release|Any CPU.ActiveCfg = Release|Any CPU
		{AC12DB5F-C210-4AB8-A591-6649190512B7}.Release|Any CPU.Build.0 = Release|Any CPU
		{6230EFAD-A054-45CF-A32D-5E7CEF9926D2}.Debug|Any CPU.ActiveCfg = Debug|Any CPU
		{6230EFAD-A054-45CF-A32D-5E7CEF9926D2}.Debug|Any CPU.Build.0 = Debug|Any CPU
		{6230EFAD-A054-45CF-A32D-5E7CEF9926D2}.Release|Any CPU.ActiveCfg = Release|Any CPU
		{6230EFAD-A054-45CF-A32D-5E7CEF9926D2}.Release|Any CPU.Build.0 = Release|Any CPU
		{BC3A35CF-9BFB-43AF-ABBB-9683A27E953B}.Debug|Any CPU.ActiveCfg = Debug|Any CPU
		{BC3A35CF-9BFB-43AF-ABBB-9683A27E953B}.Debug|Any CPU.Build.0 = Debug|Any CPU
		{BC3A35CF-9BFB-43AF-ABBB-9683A27E953B}.Release|Any CPU.ActiveCfg = Release|Any CPU
		{BC3A35CF-9BFB-43AF-ABBB-9683A27E953B}.Release|Any CPU.Build.0 = Release|Any CPU
		{5D8D611B-43E5-4ECB-BBE3-A555B1A969D3}.Debug|Any CPU.ActiveCfg = Debug|Any CPU
		{5D8D611B-43E5-4ECB-BBE3-A555B1A969D3}.Debug|Any CPU.Build.0 = Debug|Any CPU
		{5D8D611B-43E5-4ECB-BBE3-A555B1A969D3}.Release|Any CPU.ActiveCfg = Release|Any CPU
		{5D8D611B-43E5-4ECB-BBE3-A555B1A969D3}.Release|Any CPU.Build.0 = Release|Any CPU
		{7A990A49-7E19-4238-ACED-5133FAEA74DB}.Debug|Any CPU.ActiveCfg = Debug|Any CPU
		{7A990A49-7E19-4238-ACED-5133FAEA74DB}.Debug|Any CPU.Build.0 = Debug|Any CPU
		{7A990A49-7E19-4238-ACED-5133FAEA74DB}.Release|Any CPU.ActiveCfg = Release|Any CPU
		{7A990A49-7E19-4238-ACED-5133FAEA74DB}.Release|Any CPU.Build.0 = Release|Any CPU
		{BF1DADDB-2F02-4A7D-A0F7-754E5F6F86AB}.Debug|Any CPU.ActiveCfg = Debug|Any CPU
		{BF1DADDB-2F02-4A7D-A0F7-754E5F6F86AB}.Debug|Any CPU.Build.0 = Debug|Any CPU
		{BF1DADDB-2F02-4A7D-A0F7-754E5F6F86AB}.Release|Any CPU.ActiveCfg = Release|Any CPU
		{BF1DADDB-2F02-4A7D-A0F7-754E5F6F86AB}.Release|Any CPU.Build.0 = Release|Any CPU
		{60A14E93-165C-43AC-944E-1FA93B2B024F}.Debug|Any CPU.ActiveCfg = Debug|Any CPU
		{60A14E93-165C-43AC-944E-1FA93B2B024F}.Debug|Any CPU.Build.0 = Debug|Any CPU
		{60A14E93-165C-43AC-944E-1FA93B2B024F}.Release|Any CPU.ActiveCfg = Release|Any CPU
		{60A14E93-165C-43AC-944E-1FA93B2B024F}.Release|Any CPU.Build.0 = Release|Any CPU
		{9DDE00A5-B966-4DFB-8D13-4D6961E835C5}.Debug|Any CPU.ActiveCfg = Debug|Any CPU
		{9DDE00A5-B966-4DFB-8D13-4D6961E835C5}.Debug|Any CPU.Build.0 = Debug|Any CPU
		{9DDE00A5-B966-4DFB-8D13-4D6961E835C5}.Release|Any CPU.ActiveCfg = Release|Any CPU
		{9DDE00A5-B966-4DFB-8D13-4D6961E835C5}.Release|Any CPU.Build.0 = Release|Any CPU
		{C7E157C7-055B-409F-928E-05AFB9C6FF86}.Debug|Any CPU.ActiveCfg = Debug|Any CPU
		{C7E157C7-055B-409F-928E-05AFB9C6FF86}.Debug|Any CPU.Build.0 = Debug|Any CPU
		{C7E157C7-055B-409F-928E-05AFB9C6FF86}.Release|Any CPU.ActiveCfg = Release|Any CPU
		{C7E157C7-055B-409F-928E-05AFB9C6FF86}.Release|Any CPU.Build.0 = Release|Any CPU
		{418A5DD3-A5BF-4FD2-A313-5F69F02F237D}.Debug|Any CPU.ActiveCfg = Debug|Any CPU
		{418A5DD3-A5BF-4FD2-A313-5F69F02F237D}.Debug|Any CPU.Build.0 = Debug|Any CPU
		{418A5DD3-A5BF-4FD2-A313-5F69F02F237D}.Release|Any CPU.ActiveCfg = Release|Any CPU
		{418A5DD3-A5BF-4FD2-A313-5F69F02F237D}.Release|Any CPU.Build.0 = Release|Any CPU
		{D4CF176E-7D10-4FDA-B497-389F945A5220}.Debug|Any CPU.ActiveCfg = Debug|Any CPU
		{D4CF176E-7D10-4FDA-B497-389F945A5220}.Debug|Any CPU.Build.0 = Debug|Any CPU
		{D4CF176E-7D10-4FDA-B497-389F945A5220}.Release|Any CPU.ActiveCfg = Release|Any CPU
		{D4CF176E-7D10-4FDA-B497-389F945A5220}.Release|Any CPU.Build.0 = Release|Any CPU
		{7283D546-C00D-44A5-8E2A-AC877DC63410}.Debug|Any CPU.ActiveCfg = Debug|Any CPU
		{7283D546-C00D-44A5-8E2A-AC877DC63410}.Debug|Any CPU.Build.0 = Debug|Any CPU
		{7283D546-C00D-44A5-8E2A-AC877DC63410}.Release|Any CPU.ActiveCfg = Release|Any CPU
		{7283D546-C00D-44A5-8E2A-AC877DC63410}.Release|Any CPU.Build.0 = Release|Any CPU
		{84484936-6A0E-41F9-B948-6CCC1FFA7B14}.Debug|Any CPU.ActiveCfg = Debug|Any CPU
		{84484936-6A0E-41F9-B948-6CCC1FFA7B14}.Debug|Any CPU.Build.0 = Debug|Any CPU
		{84484936-6A0E-41F9-B948-6CCC1FFA7B14}.Release|Any CPU.ActiveCfg = Release|Any CPU
		{84484936-6A0E-41F9-B948-6CCC1FFA7B14}.Release|Any CPU.Build.0 = Release|Any CPU
		{2BED6BA4-A0AA-4AB4-AAFB-C796C863C405}.Debug|Any CPU.ActiveCfg = Debug|Any CPU
		{2BED6BA4-A0AA-4AB4-AAFB-C796C863C405}.Debug|Any CPU.Build.0 = Debug|Any CPU
		{2BED6BA4-A0AA-4AB4-AAFB-C796C863C405}.Release|Any CPU.ActiveCfg = Release|Any CPU
		{2BED6BA4-A0AA-4AB4-AAFB-C796C863C405}.Release|Any CPU.Build.0 = Release|Any CPU
		{86230E0A-4AA7-46BF-AADD-89E8278526AC}.Debug|Any CPU.ActiveCfg = Debug|Any CPU
		{86230E0A-4AA7-46BF-AADD-89E8278526AC}.Debug|Any CPU.Build.0 = Debug|Any CPU
		{86230E0A-4AA7-46BF-AADD-89E8278526AC}.Release|Any CPU.ActiveCfg = Release|Any CPU
		{86230E0A-4AA7-46BF-AADD-89E8278526AC}.Release|Any CPU.Build.0 = Release|Any CPU
		{965AD0C7-9BD0-448A-8CB9-E783841D2154}.Debug|Any CPU.ActiveCfg = Debug|Any CPU
		{965AD0C7-9BD0-448A-8CB9-E783841D2154}.Debug|Any CPU.Build.0 = Debug|Any CPU
		{965AD0C7-9BD0-448A-8CB9-E783841D2154}.Release|Any CPU.ActiveCfg = Release|Any CPU
		{965AD0C7-9BD0-448A-8CB9-E783841D2154}.Release|Any CPU.Build.0 = Release|Any CPU
		{593989BB-4C67-41DE-9E81-D53CC59B0AD5}.Debug|Any CPU.ActiveCfg = Debug|Any CPU
		{593989BB-4C67-41DE-9E81-D53CC59B0AD5}.Debug|Any CPU.Build.0 = Debug|Any CPU
		{593989BB-4C67-41DE-9E81-D53CC59B0AD5}.Release|Any CPU.ActiveCfg = Release|Any CPU
		{593989BB-4C67-41DE-9E81-D53CC59B0AD5}.Release|Any CPU.Build.0 = Release|Any CPU
		{0E9CAD9E-777B-4668-AA91-F88E9360CA56}.Debug|Any CPU.ActiveCfg = Debug|Any CPU
		{0E9CAD9E-777B-4668-AA91-F88E9360CA56}.Debug|Any CPU.Build.0 = Debug|Any CPU
		{0E9CAD9E-777B-4668-AA91-F88E9360CA56}.Release|Any CPU.ActiveCfg = Release|Any CPU
		{0E9CAD9E-777B-4668-AA91-F88E9360CA56}.Release|Any CPU.Build.0 = Release|Any CPU
		{E1C0BB3A-05FA-44A9-AC2C-C1CDE1D3F743}.Debug|Any CPU.ActiveCfg = Debug|Any CPU
		{E1C0BB3A-05FA-44A9-AC2C-C1CDE1D3F743}.Debug|Any CPU.Build.0 = Debug|Any CPU
		{E1C0BB3A-05FA-44A9-AC2C-C1CDE1D3F743}.Release|Any CPU.ActiveCfg = Release|Any CPU
		{E1C0BB3A-05FA-44A9-AC2C-C1CDE1D3F743}.Release|Any CPU.Build.0 = Release|Any CPU
		{EE6339D7-D8EA-4E1F-9B2D-B99FB149A05B}.Debug|Any CPU.ActiveCfg = Debug|Any CPU
		{EE6339D7-D8EA-4E1F-9B2D-B99FB149A05B}.Debug|Any CPU.Build.0 = Debug|Any CPU
		{EE6339D7-D8EA-4E1F-9B2D-B99FB149A05B}.Release|Any CPU.ActiveCfg = Release|Any CPU
		{EE6339D7-D8EA-4E1F-9B2D-B99FB149A05B}.Release|Any CPU.Build.0 = Release|Any CPU
		{764D2574-1C9E-4C06-B9FF-EF1578650B2C}.Debug|Any CPU.ActiveCfg = Debug|Any CPU
		{764D2574-1C9E-4C06-B9FF-EF1578650B2C}.Debug|Any CPU.Build.0 = Debug|Any CPU
		{764D2574-1C9E-4C06-B9FF-EF1578650B2C}.Release|Any CPU.ActiveCfg = Release|Any CPU
		{764D2574-1C9E-4C06-B9FF-EF1578650B2C}.Release|Any CPU.Build.0 = Release|Any CPU
		{8AF997E1-516D-446C-9F70-7C3A825F7261}.Debug|Any CPU.ActiveCfg = Debug|Any CPU
		{8AF997E1-516D-446C-9F70-7C3A825F7261}.Debug|Any CPU.Build.0 = Debug|Any CPU
		{8AF997E1-516D-446C-9F70-7C3A825F7261}.Release|Any CPU.ActiveCfg = Release|Any CPU
		{8AF997E1-516D-446C-9F70-7C3A825F7261}.Release|Any CPU.Build.0 = Release|Any CPU
		{ABA1EBB8-44AD-4BC6-ABFF-67433D29BF3F}.Debug|Any CPU.ActiveCfg = Debug|Any CPU
		{ABA1EBB8-44AD-4BC6-ABFF-67433D29BF3F}.Debug|Any CPU.Build.0 = Debug|Any CPU
		{ABA1EBB8-44AD-4BC6-ABFF-67433D29BF3F}.Release|Any CPU.ActiveCfg = Release|Any CPU
		{ABA1EBB8-44AD-4BC6-ABFF-67433D29BF3F}.Release|Any CPU.Build.0 = Release|Any CPU
		{6B854DBE-AA47-4AA5-9B9E-15B523B4AA06}.Debug|Any CPU.ActiveCfg = Debug|Any CPU
		{6B854DBE-AA47-4AA5-9B9E-15B523B4AA06}.Debug|Any CPU.Build.0 = Debug|Any CPU
		{6B854DBE-AA47-4AA5-9B9E-15B523B4AA06}.Release|Any CPU.ActiveCfg = Release|Any CPU
		{6B854DBE-AA47-4AA5-9B9E-15B523B4AA06}.Release|Any CPU.Build.0 = Release|Any CPU
		{9A9AAC68-5D85-4ACB-B15D-8900D5EE7D85}.Debug|Any CPU.ActiveCfg = Debug|Any CPU
		{9A9AAC68-5D85-4ACB-B15D-8900D5EE7D85}.Debug|Any CPU.Build.0 = Debug|Any CPU
		{9A9AAC68-5D85-4ACB-B15D-8900D5EE7D85}.Release|Any CPU.ActiveCfg = Release|Any CPU
		{9A9AAC68-5D85-4ACB-B15D-8900D5EE7D85}.Release|Any CPU.Build.0 = Release|Any CPU
		{48DF4ADA-1465-47E6-B52E-1D174915D026}.Debug|Any CPU.ActiveCfg = Debug|Any CPU
		{48DF4ADA-1465-47E6-B52E-1D174915D026}.Debug|Any CPU.Build.0 = Debug|Any CPU
		{48DF4ADA-1465-47E6-B52E-1D174915D026}.Release|Any CPU.ActiveCfg = Release|Any CPU
		{48DF4ADA-1465-47E6-B52E-1D174915D026}.Release|Any CPU.Build.0 = Release|Any CPU
		{4578A16E-99DA-4890-98E3-3B9243B1E5EA}.Debug|Any CPU.ActiveCfg = Debug|Any CPU
		{4578A16E-99DA-4890-98E3-3B9243B1E5EA}.Debug|Any CPU.Build.0 = Debug|Any CPU
		{4578A16E-99DA-4890-98E3-3B9243B1E5EA}.Release|Any CPU.ActiveCfg = Release|Any CPU
		{4578A16E-99DA-4890-98E3-3B9243B1E5EA}.Release|Any CPU.Build.0 = Release|Any CPU
		{D61FEDBA-FB04-4980-B78C-83D8818D8AC6}.Debug|Any CPU.ActiveCfg = Debug|Any CPU
		{D61FEDBA-FB04-4980-B78C-83D8818D8AC6}.Debug|Any CPU.Build.0 = Debug|Any CPU
		{D61FEDBA-FB04-4980-B78C-83D8818D8AC6}.Release|Any CPU.ActiveCfg = Release|Any CPU
		{D61FEDBA-FB04-4980-B78C-83D8818D8AC6}.Release|Any CPU.Build.0 = Release|Any CPU
		{D163BC11-C423-41EF-820A-08D5E4BEEF14}.Debug|Any CPU.ActiveCfg = Debug|Any CPU
		{D163BC11-C423-41EF-820A-08D5E4BEEF14}.Debug|Any CPU.Build.0 = Debug|Any CPU
		{D163BC11-C423-41EF-820A-08D5E4BEEF14}.Release|Any CPU.ActiveCfg = Release|Any CPU
		{D163BC11-C423-41EF-820A-08D5E4BEEF14}.Release|Any CPU.Build.0 = Release|Any CPU
		{362C1FA1-A03F-4926-A49E-DDDE592DBD03}.Debug|Any CPU.ActiveCfg = Debug|Any CPU
		{362C1FA1-A03F-4926-A49E-DDDE592DBD03}.Debug|Any CPU.Build.0 = Debug|Any CPU
		{362C1FA1-A03F-4926-A49E-DDDE592DBD03}.Release|Any CPU.ActiveCfg = Release|Any CPU
		{362C1FA1-A03F-4926-A49E-DDDE592DBD03}.Release|Any CPU.Build.0 = Release|Any CPU
	EndGlobalSection
	GlobalSection(SolutionProperties) = preSolution
		HideSolutionNode = FALSE
	EndGlobalSection
	GlobalSection(NestedProjects) = preSolution
		{783263E9-8578-4C69-858B-58C8EED62B5B} = {5C148995-D547-46F5-8D8B-6E7E88686835}
		{AC12DB5F-C210-4AB8-A591-6649190512B7} = {5C148995-D547-46F5-8D8B-6E7E88686835}
		{6230EFAD-A054-45CF-A32D-5E7CEF9926D2} = {5C148995-D547-46F5-8D8B-6E7E88686835}
		{BC3A35CF-9BFB-43AF-ABBB-9683A27E953B} = {5C148995-D547-46F5-8D8B-6E7E88686835}
		{5D8D611B-43E5-4ECB-BBE3-A555B1A969D3} = {5C148995-D547-46F5-8D8B-6E7E88686835}
		{7A990A49-7E19-4238-ACED-5133FAEA74DB} = {82D050FE-CCC7-4C23-9538-BFB912938D01}
		{BF1DADDB-2F02-4A7D-A0F7-754E5F6F86AB} = {82D050FE-CCC7-4C23-9538-BFB912938D01}
		{60A14E93-165C-43AC-944E-1FA93B2B024F} = {82D050FE-CCC7-4C23-9538-BFB912938D01}
		{9DDE00A5-B966-4DFB-8D13-4D6961E835C5} = {82D050FE-CCC7-4C23-9538-BFB912938D01}
		{C7E157C7-055B-409F-928E-05AFB9C6FF86} = {82D050FE-CCC7-4C23-9538-BFB912938D01}
		{418A5DD3-A5BF-4FD2-A313-5F69F02F237D} = {82D050FE-CCC7-4C23-9538-BFB912938D01}
		{D4CF176E-7D10-4FDA-B497-389F945A5220} = {82D050FE-CCC7-4C23-9538-BFB912938D01}
		{7283D546-C00D-44A5-8E2A-AC877DC63410} = {82D050FE-CCC7-4C23-9538-BFB912938D01}
		{84484936-6A0E-41F9-B948-6CCC1FFA7B14} = {5C148995-D547-46F5-8D8B-6E7E88686835}
		{2BED6BA4-A0AA-4AB4-AAFB-C796C863C405} = {5C148995-D547-46F5-8D8B-6E7E88686835}
		{86230E0A-4AA7-46BF-AADD-89E8278526AC} = {5C148995-D547-46F5-8D8B-6E7E88686835}
		{965AD0C7-9BD0-448A-8CB9-E783841D2154} = {5C148995-D547-46F5-8D8B-6E7E88686835}
		{593989BB-4C67-41DE-9E81-D53CC59B0AD5} = {5C148995-D547-46F5-8D8B-6E7E88686835}
		{8AF997E1-516D-446C-9F70-7C3A825F7261} = {E74B25AC-B630-47F3-81BB-DDAA750A38E4}
		{ABA1EBB8-44AD-4BC6-ABFF-67433D29BF3F} = {E74B25AC-B630-47F3-81BB-DDAA750A38E4}
		{6B854DBE-AA47-4AA5-9B9E-15B523B4AA06} = {E74B25AC-B630-47F3-81BB-DDAA750A38E4}
		{9A9AAC68-5D85-4ACB-B15D-8900D5EE7D85} = {E74B25AC-B630-47F3-81BB-DDAA750A38E4}
		{48DF4ADA-1465-47E6-B52E-1D174915D026} = {E74B25AC-B630-47F3-81BB-DDAA750A38E4}
		{4578A16E-99DA-4890-98E3-3B9243B1E5EA} = {E74B25AC-B630-47F3-81BB-DDAA750A38E4}
	EndGlobalSection
EndGlobal
