
Microsoft Visual Studio Solution File, Format Version 12.00
# Visual Studio 2013
VisualStudioVersion = 12.0.31101.0
MinimumVisualStudioVersion = 10.0.40219.1
Project("{FAE04EC0-301F-11D3-BF4B-00C04F79EFBC}") = "01.ExchangeIfGreater", "01.ExchangeIfGreater\01.ExchangeIfGreater.csproj", "{961031CB-2A2D-4A88-A8EE-CE84CC33CB0F}"
EndProject
Project("{FAE04EC0-301F-11D3-BF4B-00C04F79EFBC}") = "02.BonusScore", "02.BonusScore\02.BonusScore.csproj", "{3EA16A1C-A9EA-4480-8CFD-1EF398720B06}"
EndProject
Project("{FAE04EC0-301F-11D3-BF4B-00C04F79EFBC}") = "03.CheckPlayingCard", "03.CheckPlayingCard\03.CheckPlayingCard.csproj", "{FC6426F9-E583-4CA4-9669-5B7F40DC2A41}"
EndProject
Project("{FAE04EC0-301F-11D3-BF4B-00C04F79EFBC}") = "04.MultiplicationSign", "04.MultiplicationSign\04.MultiplicationSign.csproj", "{511F173E-D54E-4BA5-9C82-8D127A11834A}"
EndProject
Project("{FAE04EC0-301F-11D3-BF4B-00C04F79EFBC}") = "05.BiggestOfThreeNumbers", "05.BiggestOfThreeNumbers\05.BiggestOfThreeNumbers.csproj", "{A5B3E16A-80C6-4B68-9E99-273945198762}"
EndProject
Project("{FAE04EC0-301F-11D3-BF4B-00C04F79EFBC}") = "06.BiggestOfFiveNumbers", "06.BiggestOfFiveNumbers\06.BiggestOfFiveNumbers.csproj", "{EC04CC5B-3E24-4447-93C2-89CEFC13A196}"
EndProject
Project("{FAE04EC0-301F-11D3-BF4B-00C04F79EFBC}") = "07.SortingThreeNumbers", "07.SortingThreeNumbers\07.SortingThreeNumbers.csproj", "{20E66D2E-CF4C-4844-BA75-1AF03B44A954}"
EndProject
Project("{FAE04EC0-301F-11D3-BF4B-00C04F79EFBC}") = "08.DigitAsWord", "08.DigitAsWord\08.DigitAsWord.csproj", "{8F843CFD-A085-44C6-A7D4-0D31C0CD13ED}"
EndProject
Project("{FAE04EC0-301F-11D3-BF4B-00C04F79EFBC}") = "09.IntDoubleString", "09.IntDoubleString\09.IntDoubleString.csproj", "{48006D7D-B105-456F-A52E-5540AED6892C}"
EndProject
Project("{FAE04EC0-301F-11D3-BF4B-00C04F79EFBC}") = "10.BeerTime", "10.BeerTime\10.BeerTime.csproj", "{1ADB727F-9DD5-40BF-977F-F48251A8A097}"
EndProject
Project("{FAE04EC0-301F-11D3-BF4B-00C04F79EFBC}") = "11.NumberAsWords", "11.NumberAsWords\11.NumberAsWords.csproj", "{55A3688A-1C4D-4DCB-9293-AE28790F1C89}"
EndProject
Project("{FAE04EC0-301F-11D3-BF4B-00C04F79EFBC}") = "12.ZeroSubset", "12.ZeroSubset\12.ZeroSubset.csproj", "{D491B523-CD11-4249-B2AC-1BE591447BCE}"
EndProject
Global
	GlobalSection(SolutionConfigurationPlatforms) = preSolution
		Debug|Any CPU = Debug|Any CPU
		Release|Any CPU = Release|Any CPU
	EndGlobalSection
	GlobalSection(ProjectConfigurationPlatforms) = postSolution
		{961031CB-2A2D-4A88-A8EE-CE84CC33CB0F}.Debug|Any CPU.ActiveCfg = Debug|Any CPU
		{961031CB-2A2D-4A88-A8EE-CE84CC33CB0F}.Debug|Any CPU.Build.0 = Debug|Any CPU
		{961031CB-2A2D-4A88-A8EE-CE84CC33CB0F}.Release|Any CPU.ActiveCfg = Release|Any CPU
		{961031CB-2A2D-4A88-A8EE-CE84CC33CB0F}.Release|Any CPU.Build.0 = Release|Any CPU
		{3EA16A1C-A9EA-4480-8CFD-1EF398720B06}.Debug|Any CPU.ActiveCfg = Debug|Any CPU
		{3EA16A1C-A9EA-4480-8CFD-1EF398720B06}.Debug|Any CPU.Build.0 = Debug|Any CPU
		{3EA16A1C-A9EA-4480-8CFD-1EF398720B06}.Release|Any CPU.ActiveCfg = Release|Any CPU
		{3EA16A1C-A9EA-4480-8CFD-1EF398720B06}.Release|Any CPU.Build.0 = Release|Any CPU
		{FC6426F9-E583-4CA4-9669-5B7F40DC2A41}.Debug|Any CPU.ActiveCfg = Debug|Any CPU
		{FC6426F9-E583-4CA4-9669-5B7F40DC2A41}.Debug|Any CPU.Build.0 = Debug|Any CPU
		{FC6426F9-E583-4CA4-9669-5B7F40DC2A41}.Release|Any CPU.ActiveCfg = Release|Any CPU
		{FC6426F9-E583-4CA4-9669-5B7F40DC2A41}.Release|Any CPU.Build.0 = Release|Any CPU
		{511F173E-D54E-4BA5-9C82-8D127A11834A}.Debug|Any CPU.ActiveCfg = Debug|Any CPU
		{511F173E-D54E-4BA5-9C82-8D127A11834A}.Debug|Any CPU.Build.0 = Debug|Any CPU
		{511F173E-D54E-4BA5-9C82-8D127A11834A}.Release|Any CPU.ActiveCfg = Release|Any CPU
		{511F173E-D54E-4BA5-9C82-8D127A11834A}.Release|Any CPU.Build.0 = Release|Any CPU
		{A5B3E16A-80C6-4B68-9E99-273945198762}.Debug|Any CPU.ActiveCfg = Debug|Any CPU
		{A5B3E16A-80C6-4B68-9E99-273945198762}.Debug|Any CPU.Build.0 = Debug|Any CPU
		{A5B3E16A-80C6-4B68-9E99-273945198762}.Release|Any CPU.ActiveCfg = Release|Any CPU
		{A5B3E16A-80C6-4B68-9E99-273945198762}.Release|Any CPU.Build.0 = Release|Any CPU
		{EC04CC5B-3E24-4447-93C2-89CEFC13A196}.Debug|Any CPU.ActiveCfg = Debug|Any CPU
		{EC04CC5B-3E24-4447-93C2-89CEFC13A196}.Debug|Any CPU.Build.0 = Debug|Any CPU
		{EC04CC5B-3E24-4447-93C2-89CEFC13A196}.Release|Any CPU.ActiveCfg = Release|Any CPU
		{EC04CC5B-3E24-4447-93C2-89CEFC13A196}.Release|Any CPU.Build.0 = Release|Any CPU
		{20E66D2E-CF4C-4844-BA75-1AF03B44A954}.Debug|Any CPU.ActiveCfg = Debug|Any CPU
		{20E66D2E-CF4C-4844-BA75-1AF03B44A954}.Debug|Any CPU.Build.0 = Debug|Any CPU
		{20E66D2E-CF4C-4844-BA75-1AF03B44A954}.Release|Any CPU.ActiveCfg = Release|Any CPU
		{20E66D2E-CF4C-4844-BA75-1AF03B44A954}.Release|Any CPU.Build.0 = Release|Any CPU
		{8F843CFD-A085-44C6-A7D4-0D31C0CD13ED}.Debug|Any CPU.ActiveCfg = Debug|Any CPU
		{8F843CFD-A085-44C6-A7D4-0D31C0CD13ED}.Debug|Any CPU.Build.0 = Debug|Any CPU
		{8F843CFD-A085-44C6-A7D4-0D31C0CD13ED}.Release|Any CPU.ActiveCfg = Release|Any CPU
		{8F843CFD-A085-44C6-A7D4-0D31C0CD13ED}.Release|Any CPU.Build.0 = Release|Any CPU
		{48006D7D-B105-456F-A52E-5540AED6892C}.Debug|Any CPU.ActiveCfg = Debug|Any CPU
		{48006D7D-B105-456F-A52E-5540AED6892C}.Debug|Any CPU.Build.0 = Debug|Any CPU
		{48006D7D-B105-456F-A52E-5540AED6892C}.Release|Any CPU.ActiveCfg = Release|Any CPU
		{48006D7D-B105-456F-A52E-5540AED6892C}.Release|Any CPU.Build.0 = Release|Any CPU
		{1ADB727F-9DD5-40BF-977F-F48251A8A097}.Debug|Any CPU.ActiveCfg = Debug|Any CPU
		{1ADB727F-9DD5-40BF-977F-F48251A8A097}.Debug|Any CPU.Build.0 = Debug|Any CPU
		{1ADB727F-9DD5-40BF-977F-F48251A8A097}.Release|Any CPU.ActiveCfg = Release|Any CPU
		{1ADB727F-9DD5-40BF-977F-F48251A8A097}.Release|Any CPU.Build.0 = Release|Any CPU
		{55A3688A-1C4D-4DCB-9293-AE28790F1C89}.Debug|Any CPU.ActiveCfg = Debug|Any CPU
		{55A3688A-1C4D-4DCB-9293-AE28790F1C89}.Debug|Any CPU.Build.0 = Debug|Any CPU
		{55A3688A-1C4D-4DCB-9293-AE28790F1C89}.Release|Any CPU.ActiveCfg = Release|Any CPU
		{55A3688A-1C4D-4DCB-9293-AE28790F1C89}.Release|Any CPU.Build.0 = Release|Any CPU
		{D491B523-CD11-4249-B2AC-1BE591447BCE}.Debug|Any CPU.ActiveCfg = Debug|Any CPU
		{D491B523-CD11-4249-B2AC-1BE591447BCE}.Debug|Any CPU.Build.0 = Debug|Any CPU
		{D491B523-CD11-4249-B2AC-1BE591447BCE}.Release|Any CPU.ActiveCfg = Release|Any CPU
		{D491B523-CD11-4249-B2AC-1BE591447BCE}.Release|Any CPU.Build.0 = Release|Any CPU
	EndGlobalSection
	GlobalSection(SolutionProperties) = preSolution
		HideSolutionNode = FALSE
	EndGlobalSection
EndGlobal
