
Microsoft Visual Studio Solution File, Format Version 12.00
# Visual Studio 2013
VisualStudioVersion = 12.0.31101.0
MinimumVisualStudioVersion = 10.0.40219.1
Project("{FAE04EC0-301F-11D3-BF4B-00C04F79EFBC}") = "Task1", "Task1\Task1.csproj", "{B8EB0836-BBA2-41A3-A277-164EEF8134F4}"
EndProject
Project("{FAE04EC0-301F-11D3-BF4B-00C04F79EFBC}") = "Task2-DateT4Template", "Task2-DateT4Template\Task2-DateT4Template.csproj", "{D4271F9C-92F4-419C-8E1E-37C620BC1C65}"
EndProject
Global
	GlobalSection(SolutionConfigurationPlatforms) = preSolution
		Debug|Any CPU = Debug|Any CPU
		Release|Any CPU = Release|Any CPU
	EndGlobalSection
	GlobalSection(ProjectConfigurationPlatforms) = postSolution
		{B8EB0836-BBA2-41A3-A277-164EEF8134F4}.Debug|Any CPU.ActiveCfg = Debug|Any CPU
		{B8EB0836-BBA2-41A3-A277-164EEF8134F4}.Debug|Any CPU.Build.0 = Debug|Any CPU
		{B8EB0836-BBA2-41A3-A277-164EEF8134F4}.Release|Any CPU.ActiveCfg = Release|Any CPU
		{B8EB0836-BBA2-41A3-A277-164EEF8134F4}.Release|Any CPU.Build.0 = Release|Any CPU
		{D4271F9C-92F4-419C-8E1E-37C620BC1C65}.Debug|Any CPU.ActiveCfg = Debug|Any CPU
		{D4271F9C-92F4-419C-8E1E-37C620BC1C65}.Debug|Any CPU.Build.0 = Debug|Any CPU
		{D4271F9C-92F4-419C-8E1E-37C620BC1C65}.Release|Any CPU.ActiveCfg = Release|Any CPU
		{D4271F9C-92F4-419C-8E1E-37C620BC1C65}.Release|Any CPU.Build.0 = Release|Any CPU
	EndGlobalSection
	GlobalSection(SolutionProperties) = preSolution
		HideSolutionNode = FALSE
	EndGlobalSection
EndGlobal
