
Microsoft Visual Studio Solution File, Format Version 12.00
# Visual Studio 2013
VisualStudioVersion = 12.0.31101.0
MinimumVisualStudioVersion = 10.0.40219.1
Project("{FAE04EC0-301F-11D3-BF4B-00C04F79EFBC}") = "01.OddLines", "01.OddLines\01.OddLines.csproj", "{C761A5ED-9DB0-4366-8C00-411C2AA0145F}"
EndProject
Project("{FAE04EC0-301F-11D3-BF4B-00C04F79EFBC}") = "02.ConcatenateTextFiles", "02.ConcatenateTextFiles\02.ConcatenateTextFiles.csproj", "{54D7518C-9FF5-417E-92AE-5948FEBB03DE}"
EndProject
Project("{FAE04EC0-301F-11D3-BF4B-00C04F79EFBC}") = "03.LineNumbers", "03.LineNumbers\03.LineNumbers.csproj", "{2A219F9A-CAE2-4CF0-80D8-ADD1F26B5D15}"
EndProject
Project("{FAE04EC0-301F-11D3-BF4B-00C04F79EFBC}") = "04.CompareTextFiles", "04.CompareTextFiles\04.CompareTextFiles.csproj", "{892DB781-2403-4D2C-B3FA-A415BD6D2668}"
EndProject
Project("{FAE04EC0-301F-11D3-BF4B-00C04F79EFBC}") = "05.MaximalAreaSum", "05.MaximalAreaSum\05.MaximalAreaSum.csproj", "{4418D4C2-217D-4DED-8364-BE3EFB771EB8}"
EndProject
Project("{FAE04EC0-301F-11D3-BF4B-00C04F79EFBC}") = "06.SaveSortedNames", "06.SaveSortedNames\06.SaveSortedNames.csproj", "{B6294F6D-1752-42E7-9ABA-01903B3EE97A}"
EndProject
Project("{FAE04EC0-301F-11D3-BF4B-00C04F79EFBC}") = "07.ReplaceSubstring", "07.ReplaceSubstring\07.ReplaceSubstring.csproj", "{38561FD2-0A59-4098-AF1A-62E75D3469E3}"
EndProject
Project("{FAE04EC0-301F-11D3-BF4B-00C04F79EFBC}") = "08.ReplaceWholeWords", "09.ReplaceWholeWords\08.ReplaceWholeWords.csproj", "{7A4A9FB4-BB90-4AF0-912E-DE400C9F154A}"
EndProject
Project("{FAE04EC0-301F-11D3-BF4B-00C04F79EFBC}") = "09.DeleteOddLines", "09.DeleteOddLines\09.DeleteOddLines.csproj", "{50C1D03E-384D-46A3-AA0C-1CE9642669FB}"
EndProject
Project("{FAE04EC0-301F-11D3-BF4B-00C04F79EFBC}") = "10.ExtractTextFromXML", "10.ExtractTextFromXML\10.ExtractTextFromXML.csproj", "{0460A13A-F4EE-4F59-B406-88E35C41E571}"
EndProject
Project("{FAE04EC0-301F-11D3-BF4B-00C04F79EFBC}") = "11.PrefixTest", "11.PrefixTest\11.PrefixTest.csproj", "{441A3A15-3520-4F97-97E5-373A00349AE5}"
EndProject
Project("{FAE04EC0-301F-11D3-BF4B-00C04F79EFBC}") = "12.RemoveWords", "12.RemoveWords\12.RemoveWords.csproj", "{F75BBDE7-1A1F-4A50-8B6D-ED8F6F02922E}"
EndProject
Project("{FAE04EC0-301F-11D3-BF4B-00C04F79EFBC}") = "13.CountWords", "13.CountWords\13.CountWords.csproj", "{D5234126-C414-445C-A839-12C490BB70CA}"
EndProject
Global
	GlobalSection(SolutionConfigurationPlatforms) = preSolution
		Debug|Any CPU = Debug|Any CPU
		Release|Any CPU = Release|Any CPU
	EndGlobalSection
	GlobalSection(ProjectConfigurationPlatforms) = postSolution
		{C761A5ED-9DB0-4366-8C00-411C2AA0145F}.Debug|Any CPU.ActiveCfg = Debug|Any CPU
		{C761A5ED-9DB0-4366-8C00-411C2AA0145F}.Debug|Any CPU.Build.0 = Debug|Any CPU
		{C761A5ED-9DB0-4366-8C00-411C2AA0145F}.Release|Any CPU.ActiveCfg = Release|Any CPU
		{C761A5ED-9DB0-4366-8C00-411C2AA0145F}.Release|Any CPU.Build.0 = Release|Any CPU
		{54D7518C-9FF5-417E-92AE-5948FEBB03DE}.Debug|Any CPU.ActiveCfg = Debug|Any CPU
		{54D7518C-9FF5-417E-92AE-5948FEBB03DE}.Debug|Any CPU.Build.0 = Debug|Any CPU
		{54D7518C-9FF5-417E-92AE-5948FEBB03DE}.Release|Any CPU.ActiveCfg = Release|Any CPU
		{54D7518C-9FF5-417E-92AE-5948FEBB03DE}.Release|Any CPU.Build.0 = Release|Any CPU
		{2A219F9A-CAE2-4CF0-80D8-ADD1F26B5D15}.Debug|Any CPU.ActiveCfg = Debug|Any CPU
		{2A219F9A-CAE2-4CF0-80D8-ADD1F26B5D15}.Debug|Any CPU.Build.0 = Debug|Any CPU
		{2A219F9A-CAE2-4CF0-80D8-ADD1F26B5D15}.Release|Any CPU.ActiveCfg = Release|Any CPU
		{2A219F9A-CAE2-4CF0-80D8-ADD1F26B5D15}.Release|Any CPU.Build.0 = Release|Any CPU
		{892DB781-2403-4D2C-B3FA-A415BD6D2668}.Debug|Any CPU.ActiveCfg = Debug|Any CPU
		{892DB781-2403-4D2C-B3FA-A415BD6D2668}.Debug|Any CPU.Build.0 = Debug|Any CPU
		{892DB781-2403-4D2C-B3FA-A415BD6D2668}.Release|Any CPU.ActiveCfg = Release|Any CPU
		{892DB781-2403-4D2C-B3FA-A415BD6D2668}.Release|Any CPU.Build.0 = Release|Any CPU
		{4418D4C2-217D-4DED-8364-BE3EFB771EB8}.Debug|Any CPU.ActiveCfg = Debug|Any CPU
		{4418D4C2-217D-4DED-8364-BE3EFB771EB8}.Debug|Any CPU.Build.0 = Debug|Any CPU
		{4418D4C2-217D-4DED-8364-BE3EFB771EB8}.Release|Any CPU.ActiveCfg = Release|Any CPU
		{4418D4C2-217D-4DED-8364-BE3EFB771EB8}.Release|Any CPU.Build.0 = Release|Any CPU
		{B6294F6D-1752-42E7-9ABA-01903B3EE97A}.Debug|Any CPU.ActiveCfg = Debug|Any CPU
		{B6294F6D-1752-42E7-9ABA-01903B3EE97A}.Debug|Any CPU.Build.0 = Debug|Any CPU
		{B6294F6D-1752-42E7-9ABA-01903B3EE97A}.Release|Any CPU.ActiveCfg = Release|Any CPU
		{B6294F6D-1752-42E7-9ABA-01903B3EE97A}.Release|Any CPU.Build.0 = Release|Any CPU
		{38561FD2-0A59-4098-AF1A-62E75D3469E3}.Debug|Any CPU.ActiveCfg = Debug|Any CPU
		{38561FD2-0A59-4098-AF1A-62E75D3469E3}.Debug|Any CPU.Build.0 = Debug|Any CPU
		{38561FD2-0A59-4098-AF1A-62E75D3469E3}.Release|Any CPU.ActiveCfg = Release|Any CPU
		{38561FD2-0A59-4098-AF1A-62E75D3469E3}.Release|Any CPU.Build.0 = Release|Any CPU
		{7A4A9FB4-BB90-4AF0-912E-DE400C9F154A}.Debug|Any CPU.ActiveCfg = Debug|Any CPU
		{7A4A9FB4-BB90-4AF0-912E-DE400C9F154A}.Debug|Any CPU.Build.0 = Debug|Any CPU
		{7A4A9FB4-BB90-4AF0-912E-DE400C9F154A}.Release|Any CPU.ActiveCfg = Release|Any CPU
		{7A4A9FB4-BB90-4AF0-912E-DE400C9F154A}.Release|Any CPU.Build.0 = Release|Any CPU
		{50C1D03E-384D-46A3-AA0C-1CE9642669FB}.Debug|Any CPU.ActiveCfg = Debug|Any CPU
		{50C1D03E-384D-46A3-AA0C-1CE9642669FB}.Debug|Any CPU.Build.0 = Debug|Any CPU
		{50C1D03E-384D-46A3-AA0C-1CE9642669FB}.Release|Any CPU.ActiveCfg = Release|Any CPU
		{50C1D03E-384D-46A3-AA0C-1CE9642669FB}.Release|Any CPU.Build.0 = Release|Any CPU
		{0460A13A-F4EE-4F59-B406-88E35C41E571}.Debug|Any CPU.ActiveCfg = Debug|Any CPU
		{0460A13A-F4EE-4F59-B406-88E35C41E571}.Debug|Any CPU.Build.0 = Debug|Any CPU
		{0460A13A-F4EE-4F59-B406-88E35C41E571}.Release|Any CPU.ActiveCfg = Release|Any CPU
		{0460A13A-F4EE-4F59-B406-88E35C41E571}.Release|Any CPU.Build.0 = Release|Any CPU
		{441A3A15-3520-4F97-97E5-373A00349AE5}.Debug|Any CPU.ActiveCfg = Debug|Any CPU
		{441A3A15-3520-4F97-97E5-373A00349AE5}.Debug|Any CPU.Build.0 = Debug|Any CPU
		{441A3A15-3520-4F97-97E5-373A00349AE5}.Release|Any CPU.ActiveCfg = Release|Any CPU
		{441A3A15-3520-4F97-97E5-373A00349AE5}.Release|Any CPU.Build.0 = Release|Any CPU
		{F75BBDE7-1A1F-4A50-8B6D-ED8F6F02922E}.Debug|Any CPU.ActiveCfg = Debug|Any CPU
		{F75BBDE7-1A1F-4A50-8B6D-ED8F6F02922E}.Debug|Any CPU.Build.0 = Debug|Any CPU
		{F75BBDE7-1A1F-4A50-8B6D-ED8F6F02922E}.Release|Any CPU.ActiveCfg = Release|Any CPU
		{F75BBDE7-1A1F-4A50-8B6D-ED8F6F02922E}.Release|Any CPU.Build.0 = Release|Any CPU
		{D5234126-C414-445C-A839-12C490BB70CA}.Debug|Any CPU.ActiveCfg = Debug|Any CPU
		{D5234126-C414-445C-A839-12C490BB70CA}.Debug|Any CPU.Build.0 = Debug|Any CPU
		{D5234126-C414-445C-A839-12C490BB70CA}.Release|Any CPU.ActiveCfg = Release|Any CPU
		{D5234126-C414-445C-A839-12C490BB70CA}.Release|Any CPU.Build.0 = Release|Any CPU
	EndGlobalSection
	GlobalSection(SolutionProperties) = preSolution
		HideSolutionNode = FALSE
	EndGlobalSection
EndGlobal
