
Microsoft Visual Studio Solution File, Format Version 12.00
# Visual Studio 2013
VisualStudioVersion = 12.0.40629.0
MinimumVisualStudioVersion = 10.0.40219.1
Project("{FAE04EC0-301F-11D3-BF4B-00C04F79EFBC}") = "01.TemplateMethod", "01.TemplateMethod\01.TemplateMethod.csproj", "{D424A90C-6769-417E-99A5-A5E6AFBE527D}"
EndProject
Project("{FAE04EC0-301F-11D3-BF4B-00C04F79EFBC}") = "02.Strategy", "02.Strategy\02.Strategy.csproj", "{F59540C5-8DD9-473B-9DE4-66FDACAC064E}"
EndProject
Project("{FAE04EC0-301F-11D3-BF4B-00C04F79EFBC}") = "03.Memento", "03.Memento\03.Memento.csproj", "{7CBF9712-D047-4732-B05F-31BE514C5B9A}"
EndProject
Project("{FAE04EC0-301F-11D3-BF4B-00C04F79EFBC}") = "04.State", "04.State\04.State.csproj", "{4770EE77-A0AB-4EB2-9915-64C8C76234BD}"
EndProject
Project("{FAE04EC0-301F-11D3-BF4B-00C04F79EFBC}") = "05.ChainOfResponsibillities", "05.ChainOfResponsibillities\05.ChainOfResponsibillities.csproj", "{4D100C0B-5D87-44A6-92D8-646A2A340ABB}"
EndProject
Project("{FAE04EC0-301F-11D3-BF4B-00C04F79EFBC}") = "06.Command", "06.Command\06.Command.csproj", "{BA865549-1D33-4E9E-98B1-2540C7AEDAAF}"
EndProject
Project("{FAE04EC0-301F-11D3-BF4B-00C04F79EFBC}") = "07.Mediator", "07.Mediator\07.Mediator.csproj", "{C7895055-CD28-4388-AC7A-47788E539336}"
EndProject
Project("{FAE04EC0-301F-11D3-BF4B-00C04F79EFBC}") = "08.Visitor", "08.Visitor\08.Visitor.csproj", "{A7DF521B-4CC7-4EC0-8F52-53200E1D0DB2}"
EndProject
Global
	GlobalSection(SolutionConfigurationPlatforms) = preSolution
		Debug|Any CPU = Debug|Any CPU
		Release|Any CPU = Release|Any CPU
	EndGlobalSection
	GlobalSection(ProjectConfigurationPlatforms) = postSolution
		{D424A90C-6769-417E-99A5-A5E6AFBE527D}.Debug|Any CPU.ActiveCfg = Debug|Any CPU
		{D424A90C-6769-417E-99A5-A5E6AFBE527D}.Debug|Any CPU.Build.0 = Debug|Any CPU
		{D424A90C-6769-417E-99A5-A5E6AFBE527D}.Release|Any CPU.ActiveCfg = Release|Any CPU
		{D424A90C-6769-417E-99A5-A5E6AFBE527D}.Release|Any CPU.Build.0 = Release|Any CPU
		{F59540C5-8DD9-473B-9DE4-66FDACAC064E}.Debug|Any CPU.ActiveCfg = Debug|Any CPU
		{F59540C5-8DD9-473B-9DE4-66FDACAC064E}.Debug|Any CPU.Build.0 = Debug|Any CPU
		{F59540C5-8DD9-473B-9DE4-66FDACAC064E}.Release|Any CPU.ActiveCfg = Release|Any CPU
		{F59540C5-8DD9-473B-9DE4-66FDACAC064E}.Release|Any CPU.Build.0 = Release|Any CPU
		{7CBF9712-D047-4732-B05F-31BE514C5B9A}.Debug|Any CPU.ActiveCfg = Debug|Any CPU
		{7CBF9712-D047-4732-B05F-31BE514C5B9A}.Debug|Any CPU.Build.0 = Debug|Any CPU
		{7CBF9712-D047-4732-B05F-31BE514C5B9A}.Release|Any CPU.ActiveCfg = Release|Any CPU
		{7CBF9712-D047-4732-B05F-31BE514C5B9A}.Release|Any CPU.Build.0 = Release|Any CPU
		{4770EE77-A0AB-4EB2-9915-64C8C76234BD}.Debug|Any CPU.ActiveCfg = Debug|Any CPU
		{4770EE77-A0AB-4EB2-9915-64C8C76234BD}.Debug|Any CPU.Build.0 = Debug|Any CPU
		{4770EE77-A0AB-4EB2-9915-64C8C76234BD}.Release|Any CPU.ActiveCfg = Release|Any CPU
		{4770EE77-A0AB-4EB2-9915-64C8C76234BD}.Release|Any CPU.Build.0 = Release|Any CPU
		{4D100C0B-5D87-44A6-92D8-646A2A340ABB}.Debug|Any CPU.ActiveCfg = Debug|Any CPU
		{4D100C0B-5D87-44A6-92D8-646A2A340ABB}.Debug|Any CPU.Build.0 = Debug|Any CPU
		{4D100C0B-5D87-44A6-92D8-646A2A340ABB}.Release|Any CPU.ActiveCfg = Release|Any CPU
		{4D100C0B-5D87-44A6-92D8-646A2A340ABB}.Release|Any CPU.Build.0 = Release|Any CPU
		{BA865549-1D33-4E9E-98B1-2540C7AEDAAF}.Debug|Any CPU.ActiveCfg = Debug|Any CPU
		{BA865549-1D33-4E9E-98B1-2540C7AEDAAF}.Debug|Any CPU.Build.0 = Debug|Any CPU
		{BA865549-1D33-4E9E-98B1-2540C7AEDAAF}.Release|Any CPU.ActiveCfg = Release|Any CPU
		{BA865549-1D33-4E9E-98B1-2540C7AEDAAF}.Release|Any CPU.Build.0 = Release|Any CPU
		{C7895055-CD28-4388-AC7A-47788E539336}.Debug|Any CPU.ActiveCfg = Debug|Any CPU
		{C7895055-CD28-4388-AC7A-47788E539336}.Debug|Any CPU.Build.0 = Debug|Any CPU
		{C7895055-CD28-4388-AC7A-47788E539336}.Release|Any CPU.ActiveCfg = Release|Any CPU
		{C7895055-CD28-4388-AC7A-47788E539336}.Release|Any CPU.Build.0 = Release|Any CPU
		{A7DF521B-4CC7-4EC0-8F52-53200E1D0DB2}.Debug|Any CPU.ActiveCfg = Debug|Any CPU
		{A7DF521B-4CC7-4EC0-8F52-53200E1D0DB2}.Debug|Any CPU.Build.0 = Debug|Any CPU
		{A7DF521B-4CC7-4EC0-8F52-53200E1D0DB2}.Release|Any CPU.ActiveCfg = Release|Any CPU
		{A7DF521B-4CC7-4EC0-8F52-53200E1D0DB2}.Release|Any CPU.Build.0 = Release|Any CPU
	EndGlobalSection
	GlobalSection(SolutionProperties) = preSolution
		HideSolutionNode = FALSE
	EndGlobalSection
EndGlobal
