
Microsoft Visual Studio Solution File, Format Version 12.00
# Visual Studio 2013
VisualStudioVersion = 12.0.40629.0
MinimumVisualStudioVersion = 10.0.40219.1
Project("{FAE04EC0-301F-11D3-BF4B-00C04F79EFBC}") = "01.Tree", "01.Tree\01.Tree.csproj", "{D89F5972-3B2A-4411-B6A7-73C60981D241}"
EndProject
Project("{FAE04EC0-301F-11D3-BF4B-00C04F79EFBC}") = "02.DirectoryTraversal", "02.DirectoryTraversal\02.DirectoryTraversal.csproj", "{44B3B6AE-A119-4617-BC74-48BBF8816DDD}"
EndProject
Project("{FAE04EC0-301F-11D3-BF4B-00C04F79EFBC}") = "03.FileTree", "03.FileTree\03.FileTree.csproj", "{00E1E05C-7847-4FFA-B34D-70D2765866CC}"
EndProject
Global
	GlobalSection(SolutionConfigurationPlatforms) = preSolution
		Debug|Any CPU = Debug|Any CPU
		Release|Any CPU = Release|Any CPU
	EndGlobalSection
	GlobalSection(ProjectConfigurationPlatforms) = postSolution
		{D89F5972-3B2A-4411-B6A7-73C60981D241}.Debug|Any CPU.ActiveCfg = Debug|Any CPU
		{D89F5972-3B2A-4411-B6A7-73C60981D241}.Debug|Any CPU.Build.0 = Debug|Any CPU
		{D89F5972-3B2A-4411-B6A7-73C60981D241}.Release|Any CPU.ActiveCfg = Release|Any CPU
		{D89F5972-3B2A-4411-B6A7-73C60981D241}.Release|Any CPU.Build.0 = Release|Any CPU
		{44B3B6AE-A119-4617-BC74-48BBF8816DDD}.Debug|Any CPU.ActiveCfg = Debug|Any CPU
		{44B3B6AE-A119-4617-BC74-48BBF8816DDD}.Debug|Any CPU.Build.0 = Debug|Any CPU
		{44B3B6AE-A119-4617-BC74-48BBF8816DDD}.Release|Any CPU.ActiveCfg = Release|Any CPU
		{44B3B6AE-A119-4617-BC74-48BBF8816DDD}.Release|Any CPU.Build.0 = Release|Any CPU
		{00E1E05C-7847-4FFA-B34D-70D2765866CC}.Debug|Any CPU.ActiveCfg = Debug|Any CPU
		{00E1E05C-7847-4FFA-B34D-70D2765866CC}.Debug|Any CPU.Build.0 = Debug|Any CPU
		{00E1E05C-7847-4FFA-B34D-70D2765866CC}.Release|Any CPU.ActiveCfg = Release|Any CPU
		{00E1E05C-7847-4FFA-B34D-70D2765866CC}.Release|Any CPU.Build.0 = Release|Any CPU
	EndGlobalSection
	GlobalSection(SolutionProperties) = preSolution
		HideSolutionNode = FALSE
	EndGlobalSection
EndGlobal
