
Microsoft Visual Studio Solution File, Format Version 12.00
# Visual Studio 2013
VisualStudioVersion = 12.0.31101.0
MinimumVisualStudioVersion = 10.0.40219.1
Project("{FAE04EC0-301F-11D3-BF4B-00C04F79EFBC}") = "06.Loops", "06.Loops\06.Loops.csproj", "{0388F64B-2B05-4C40-AD4F-5D5D9561015E}"
EndProject
Global
	GlobalSection(SolutionConfigurationPlatforms) = preSolution
		Debug|Any CPU = Debug|Any CPU
		Release|Any CPU = Release|Any CPU
	EndGlobalSection
	GlobalSection(ProjectConfigurationPlatforms) = postSolution
		{0388F64B-2B05-4C40-AD4F-5D5D9561015E}.Debug|Any CPU.ActiveCfg = Debug|Any CPU
		{0388F64B-2B05-4C40-AD4F-5D5D9561015E}.Debug|Any CPU.Build.0 = Debug|Any CPU
		{0388F64B-2B05-4C40-AD4F-5D5D9561015E}.Release|Any CPU.ActiveCfg = Release|Any CPU
		{0388F64B-2B05-4C40-AD4F-5D5D9561015E}.Release|Any CPU.Build.0 = Release|Any CPU
	EndGlobalSection
	GlobalSection(SolutionProperties) = preSolution
		HideSolutionNode = FALSE
	EndGlobalSection
EndGlobal
